// !$*UTF8*$!
{
	archiveVersion = 1;
	classes = {
	};
	objectVersion = 50;
	objects = {

/* Begin PBXBuildFile section */
		09A145F527B170470042A44C /* AppDelegate.swift in Sources */ = {isa = PBXBuildFile; fileRef = 09A145F427B170470042A44C /* AppDelegate.swift */; };
		09A145FE27B1705A0042A44C /* Assets.xcassets in Resources */ = {isa = PBXBuildFile; fileRef = 09A145FD27B1705A0042A44C /* Assets.xcassets */; };
		09A1460127B1705A0042A44C /* LaunchScreen.storyboard in Resources */ = {isa = PBXBuildFile; fileRef = 09A145FF27B1705A0042A44C /* LaunchScreen.storyboard */; };
		09A1460D27B1724C0042A44C /* AppCoreCoordinator.swift in Sources */ = {isa = PBXBuildFile; fileRef = 09A1460C27B1724C0042A44C /* AppCoreCoordinator.swift */; };
		09A1461127B1738F0042A44C /* BaseVIPER.swift in Sources */ = {isa = PBXBuildFile; fileRef = 09A1461027B1738F0042A44C /* BaseVIPER.swift */; };
		09A1461827B176770042A44C /* SplashViewController.swift in Sources */ = {isa = PBXBuildFile; fileRef = 09A1461627B176770042A44C /* SplashViewController.swift */; };
		09A1461927B176770042A44C /* SplashViewController.xib in Resources */ = {isa = PBXBuildFile; fileRef = 09A1461727B176770042A44C /* SplashViewController.xib */; };
		09A1461D27B176CF0042A44C /* SplashPresenter.swift in Sources */ = {isa = PBXBuildFile; fileRef = 09A1461C27B176CF0042A44C /* SplashPresenter.swift */; };
		09A1462027B1783B0042A44C /* SplashInteractor.swift in Sources */ = {isa = PBXBuildFile; fileRef = 09A1461F27B1783B0042A44C /* SplashInteractor.swift */; };
		09A1462327B1784E0042A44C /* SplashRouter.swift in Sources */ = {isa = PBXBuildFile; fileRef = 09A1462227B1784E0042A44C /* SplashRouter.swift */; };
		09A1462727B17CE30042A44C /* SplashCoordinator.swift in Sources */ = {isa = PBXBuildFile; fileRef = 09A1462627B17CE30042A44C /* SplashCoordinator.swift */; };
		09A1462C27B183BE0042A44C /* NetworkService.swift in Sources */ = {isa = PBXBuildFile; fileRef = 09A1462B27B183BE0042A44C /* NetworkService.swift */; };
		09A1463E27B197D80042A44C /* NetworkError.swift in Sources */ = {isa = PBXBuildFile; fileRef = 09A1463D27B197D80042A44C /* NetworkError.swift */; };
		09A1464227B198660042A44C /* Utils.swift in Sources */ = {isa = PBXBuildFile; fileRef = 09A1464127B198660042A44C /* Utils.swift */; };
		09A1464527B198D90042A44C /* SplashProvider.swift in Sources */ = {isa = PBXBuildFile; fileRef = 09A1464427B198D90042A44C /* SplashProvider.swift */; };
		09A1464927B19F060042A44C /* MusicServerModel.swift in Sources */ = {isa = PBXBuildFile; fileRef = 09A1464827B19F060042A44C /* MusicServerModel.swift */; };
/* End PBXBuildFile section */

/* Begin PBXFileReference section */
		09A145F127B170470042A44C /* CiceMusic.app */ = {isa = PBXFileReference; explicitFileType = wrapper.application; includeInIndex = 0; path = CiceMusic.app; sourceTree = BUILT_PRODUCTS_DIR; };
		09A145F427B170470042A44C /* AppDelegate.swift */ = {isa = PBXFileReference; lastKnownFileType = sourcecode.swift; path = AppDelegate.swift; sourceTree = "<group>"; };
		09A145FD27B1705A0042A44C /* Assets.xcassets */ = {isa = PBXFileReference; lastKnownFileType = folder.assetcatalog; path = Assets.xcassets; sourceTree = "<group>"; };
		09A1460027B1705A0042A44C /* Base */ = {isa = PBXFileReference; lastKnownFileType = file.storyboard; name = Base; path = Base.lproj/LaunchScreen.storyboard; sourceTree = "<group>"; };
		09A1460227B1705A0042A44C /* Info.plist */ = {isa = PBXFileReference; lastKnownFileType = text.plist.xml; path = Info.plist; sourceTree = "<group>"; };
		09A1460C27B1724C0042A44C /* AppCoreCoordinator.swift */ = {isa = PBXFileReference; lastKnownFileType = sourcecode.swift; path = AppCoreCoordinator.swift; sourceTree = "<group>"; };
		09A1461027B1738F0042A44C /* BaseVIPER.swift */ = {isa = PBXFileReference; lastKnownFileType = sourcecode.swift; path = BaseVIPER.swift; sourceTree = "<group>"; };
		09A1461627B176770042A44C /* SplashViewController.swift */ = {isa = PBXFileReference; lastKnownFileType = sourcecode.swift; path = SplashViewController.swift; sourceTree = "<group>"; };
		09A1461727B176770042A44C /* SplashViewController.xib */ = {isa = PBXFileReference; lastKnownFileType = file.xib; path = SplashViewController.xib; sourceTree = "<group>"; };
		09A1461C27B176CF0042A44C /* SplashPresenter.swift */ = {isa = PBXFileReference; lastKnownFileType = sourcecode.swift; path = SplashPresenter.swift; sourceTree = "<group>"; };
		09A1461F27B1783B0042A44C /* SplashInteractor.swift */ = {isa = PBXFileReference; lastKnownFileType = sourcecode.swift; path = SplashInteractor.swift; sourceTree = "<group>"; };
		09A1462227B1784E0042A44C /* SplashRouter.swift */ = {isa = PBXFileReference; lastKnownFileType = sourcecode.swift; path = SplashRouter.swift; sourceTree = "<group>"; };
		09A1462627B17CE30042A44C /* SplashCoordinator.swift */ = {isa = PBXFileReference; lastKnownFileType = sourcecode.swift; path = SplashCoordinator.swift; sourceTree = "<group>"; };
		09A1462B27B183BE0042A44C /* NetworkService.swift */ = {isa = PBXFileReference; lastKnownFileType = sourcecode.swift; path = NetworkService.swift; sourceTree = "<group>"; };
		09A1463D27B197D80042A44C /* NetworkError.swift */ = {isa = PBXFileReference; lastKnownFileType = sourcecode.swift; path = NetworkError.swift; sourceTree = "<group>"; };
		09A1464127B198660042A44C /* Utils.swift */ = {isa = PBXFileReference; lastKnownFileType = sourcecode.swift; path = Utils.swift; sourceTree = "<group>"; };
		09A1464427B198D90042A44C /* SplashProvider.swift */ = {isa = PBXFileReference; lastKnownFileType = sourcecode.swift; path = SplashProvider.swift; sourceTree = "<group>"; };
		09A1464827B19F060042A44C /* MusicServerModel.swift */ = {isa = PBXFileReference; lastKnownFileType = sourcecode.swift; path = MusicServerModel.swift; sourceTree = "<group>"; };
/* End PBXFileReference section */

/* Begin PBXFrameworksBuildPhase section */
		09A145EE27B170460042A44C /* Frameworks */ = {
			isa = PBXFrameworksBuildPhase;
			buildActionMask = 2147483647;
			files = (
			);
			runOnlyForDeploymentPostprocessing = 0;
		};
/* End PBXFrameworksBuildPhase section */

/* Begin PBXGroup section */
		09A145E827B170410042A44C = {
			isa = PBXGroup;
			children = (
				09A145F327B170470042A44C /* CiceMusic */,
				09A145F227B170470042A44C /* Products */,
			);
			sourceTree = "<group>";
		};
		09A145F227B170470042A44C /* Products */ = {
			isa = PBXGroup;
			children = (
				09A145F127B170470042A44C /* CiceMusic.app */,
			);
			name = Products;
			sourceTree = "<group>";
		};
		09A145F327B170470042A44C /* CiceMusic */ = {
			isa = PBXGroup;
			children = (
				09A1464727B19EF20042A44C /* Models */,
				09A1464027B198550042A44C /* Utils+Helpers */,
				09A1462A27B183920042A44C /* NetworkService */,
				09A1461427B176400042A44C /* Sources */,
				09A1460F27B173670042A44C /* BaseVIPER */,
				09A1460B27B1722F0042A44C /* CoreApp */,
				09A145FD27B1705A0042A44C /* Assets.xcassets */,
				09A145FF27B1705A0042A44C /* LaunchScreen.storyboard */,
				09A1460227B1705A0042A44C /* Info.plist */,
			);
			path = CiceMusic;
			sourceTree = "<group>";
		};
		09A1460B27B1722F0042A44C /* CoreApp */ = {
			isa = PBXGroup;
			children = (
				09A145F427B170470042A44C /* AppDelegate.swift */,
				09A1460C27B1724C0042A44C /* AppCoreCoordinator.swift */,
			);
			path = CoreApp;
			sourceTree = "<group>";
		};
		09A1460F27B173670042A44C /* BaseVIPER */ = {
			isa = PBXGroup;
			children = (
				09A1461027B1738F0042A44C /* BaseVIPER.swift */,
			);
			path = BaseVIPER;
			sourceTree = "<group>";
		};
		09A1461427B176400042A44C /* Sources */ = {
			isa = PBXGroup;
			children = (
				09A1461527B176480042A44C /* SplashView */,
			);
			path = Sources;
			sourceTree = "<group>";
		};
		09A1461527B176480042A44C /* SplashView */ = {
			isa = PBXGroup;
			children = (
				09A1461627B176770042A44C /* SplashViewController.swift */,
				09A1461727B176770042A44C /* SplashViewController.xib */,
				09A1461C27B176CF0042A44C /* SplashPresenter.swift */,
				09A1461F27B1783B0042A44C /* SplashInteractor.swift */,
				09A1462227B1784E0042A44C /* SplashRouter.swift */,
				09A1462627B17CE30042A44C /* SplashCoordinator.swift */,
				09A1464427B198D90042A44C /* SplashProvider.swift */,
			);
			path = SplashView;
			sourceTree = "<group>";
		};
		09A1462A27B183920042A44C /* NetworkService */ = {
			isa = PBXGroup;
			children = (
				09A1462B27B183BE0042A44C /* NetworkService.swift */,
				09A1463D27B197D80042A44C /* NetworkError.swift */,
			);
			path = NetworkService;
			sourceTree = "<group>";
		};
		09A1464027B198550042A44C /* Utils+Helpers */ = {
			isa = PBXGroup;
			children = (
				09A1464127B198660042A44C /* Utils.swift */,
			);
			path = "Utils+Helpers";
			sourceTree = "<group>";
		};
		09A1464727B19EF20042A44C /* Models */ = {
			isa = PBXGroup;
			children = (
				09A1464827B19F060042A44C /* MusicServerModel.swift */,
			);
			path = Models;
			sourceTree = "<group>";
		};
/* End PBXGroup section */

/* Begin PBXNativeTarget section */
		09A145F027B170460042A44C /* CiceMusic */ = {
			isa = PBXNativeTarget;
			buildConfigurationList = 09A1460527B1705A0042A44C /* Build configuration list for PBXNativeTarget "CiceMusic" */;
			buildPhases = (
				09A145ED27B170460042A44C /* Sources */,
				09A145EE27B170460042A44C /* Frameworks */,
				09A145EF27B170460042A44C /* Resources */,
			);
			buildRules = (
			);
			dependencies = (
			);
			name = CiceMusic;
			productName = CiceMusic;
			productReference = 09A145F127B170470042A44C /* CiceMusic.app */;
			productType = "com.apple.product-type.application";
		};
/* End PBXNativeTarget section */

/* Begin PBXProject section */
		09A145E927B170450042A44C /* Project object */ = {
			isa = PBXProject;
			attributes = {
				LastSwiftUpdateCheck = 1230;
				LastUpgradeCheck = 1230;
				TargetAttributes = {
					09A145F027B170460042A44C = {
						CreatedOnToolsVersion = 12.3;
					};
				};
			};
			buildConfigurationList = 09A145EC27B170450042A44C /* Build configuration list for PBXProject "CiceMusic" */;
			compatibilityVersion = "Xcode 9.3";
			developmentRegion = en;
			hasScannedForEncodings = 0;
			knownRegions = (
				en,
				Base,
			);
			mainGroup = 09A145E827B170410042A44C;
			productRefGroup = 09A145F227B170470042A44C /* Products */;
			projectDirPath = "";
			projectRoot = "";
			targets = (
				09A145F027B170460042A44C /* CiceMusic */,
			);
		};
/* End PBXProject section */

/* Begin PBXResourcesBuildPhase section */
		09A145EF27B170460042A44C /* Resources */ = {
			isa = PBXResourcesBuildPhase;
			buildActionMask = 2147483647;
			files = (
				09A1460127B1705A0042A44C /* LaunchScreen.storyboard in Resources */,
				09A1461927B176770042A44C /* SplashViewController.xib in Resources */,
				09A145FE27B1705A0042A44C /* Assets.xcassets in Resources */,
			);
			runOnlyForDeploymentPostprocessing = 0;
		};
/* End PBXResourcesBuildPhase section */

/* Begin PBXSourcesBuildPhase section */
		09A145ED27B170460042A44C /* Sources */ = {
			isa = PBXSourcesBuildPhase;
			buildActionMask = 2147483647;
			files = (
				09A1464927B19F060042A44C /* MusicServerModel.swift in Sources */,
				09A145F527B170470042A44C /* AppDelegate.swift in Sources */,
				09A1464527B198D90042A44C /* SplashProvider.swift in Sources */,
				09A1462727B17CE30042A44C /* SplashCoordinator.swift in Sources */,
				09A1462027B1783B0042A44C /* SplashInteractor.swift in Sources */,
				09A1462327B1784E0042A44C /* SplashRouter.swift in Sources */,
				09A1462C27B183BE0042A44C /* NetworkService.swift in Sources */,
				09A1461D27B176CF0042A44C /* SplashPresenter.swift in Sources */,
				09A1461127B1738F0042A44C /* BaseVIPER.swift in Sources */,
				09A1464227B198660042A44C /* Utils.swift in Sources */,
				09A1460D27B1724C0042A44C /* AppCoreCoordinator.swift in Sources */,
				09A1461827B176770042A44C /* SplashViewController.swift in Sources */,
				09A1463E27B197D80042A44C /* NetworkError.swift in Sources */,
			);
			runOnlyForDeploymentPostprocessing = 0;
		};
/* End PBXSourcesBuildPhase section */

/* Begin PBXVariantGroup section */
		09A145FF27B1705A0042A44C /* LaunchScreen.storyboard */ = {
			isa = PBXVariantGroup;
			children = (
				09A1460027B1705A0042A44C /* Base */,
			);
			name = LaunchScreen.storyboard;
			sourceTree = "<group>";
		};
/* End PBXVariantGroup section */

/* Begin XCBuildConfiguration section */
		09A1460327B1705A0042A44C /* Debug */ = {
			isa = XCBuildConfiguration;
			buildSettings = {
				ALWAYS_SEARCH_USER_PATHS = NO;
				CLANG_ANALYZER_NONNULL = YES;
				CLANG_ANALYZER_NUMBER_OBJECT_CONVERSION = YES_AGGRESSIVE;
				CLANG_CXX_LANGUAGE_STANDARD = "gnu++14";
				CLANG_CXX_LIBRARY = "libc++";
				CLANG_ENABLE_MODULES = YES;
				CLANG_ENABLE_OBJC_ARC = YES;
				CLANG_ENABLE_OBJC_WEAK = YES;
				CLANG_WARN_BLOCK_CAPTURE_AUTORELEASING = YES;
				CLANG_WARN_BOOL_CONVERSION = YES;
				CLANG_WARN_COMMA = YES;
				CLANG_WARN_CONSTANT_CONVERSION = YES;
				CLANG_WARN_DEPRECATED_OBJC_IMPLEMENTATIONS = YES;
				CLANG_WARN_DIRECT_OBJC_ISA_USAGE = YES_ERROR;
				CLANG_WARN_DOCUMENTATION_COMMENTS = YES;
				CLANG_WARN_EMPTY_BODY = YES;
				CLANG_WARN_ENUM_CONVERSION = YES;
				CLANG_WARN_INFINITE_RECURSION = YES;
				CLANG_WARN_INT_CONVERSION = YES;
				CLANG_WARN_NON_LITERAL_NULL_CONVERSION = YES;
				CLANG_WARN_OBJC_IMPLICIT_RETAIN_SELF = YES;
				CLANG_WARN_OBJC_LITERAL_CONVERSION = YES;
				CLANG_WARN_OBJC_ROOT_CLASS = YES_ERROR;
				CLANG_WARN_QUOTED_INCLUDE_IN_FRAMEWORK_HEADER = YES;
				CLANG_WARN_RANGE_LOOP_ANALYSIS = YES;
				CLANG_WARN_STRICT_PROTOTYPES = YES;
				CLANG_WARN_SUSPICIOUS_MOVE = YES;
				CLANG_WARN_UNGUARDED_AVAILABILITY = YES_AGGRESSIVE;
				CLANG_WARN_UNREACHABLE_CODE = YES;
				CLANG_WARN__DUPLICATE_METHOD_MATCH = YES;
				COPY_PHASE_STRIP = NO;
				DEBUG_INFORMATION_FORMAT = dwarf;
				ENABLE_STRICT_OBJC_MSGSEND = YES;
				ENABLE_TESTABILITY = YES;
				GCC_C_LANGUAGE_STANDARD = gnu11;
				GCC_DYNAMIC_NO_PIC = NO;
				GCC_NO_COMMON_BLOCKS = YES;
				GCC_OPTIMIZATION_LEVEL = 0;
				GCC_PREPROCESSOR_DEFINITIONS = (
					"DEBUG=1",
					"$(inherited)",
				);
				GCC_WARN_64_TO_32_BIT_CONVERSION = YES;
				GCC_WARN_ABOUT_RETURN_TYPE = YES_ERROR;
				GCC_WARN_UNDECLARED_SELECTOR = YES;
				GCC_WARN_UNINITIALIZED_AUTOS = YES_AGGRESSIVE;
				GCC_WARN_UNUSED_FUNCTION = YES;
				GCC_WARN_UNUSED_VARIABLE = YES;
				IPHONEOS_DEPLOYMENT_TARGET = 14.3;
				MTL_ENABLE_DEBUG_INFO = INCLUDE_SOURCE;
				MTL_FAST_MATH = YES;
				ONLY_ACTIVE_ARCH = YES;
				SDKROOT = iphoneos;
				SWIFT_ACTIVE_COMPILATION_CONDITIONS = DEBUG;
				SWIFT_OPTIMIZATION_LEVEL = "-Onone";
			};
			name = Debug;
		};
		09A1460427B1705A0042A44C /* Release */ = {
			isa = XCBuildConfiguration;
			buildSettings = {
				ALWAYS_SEARCH_USER_PATHS = NO;
				CLANG_ANALYZER_NONNULL = YES;
				CLANG_ANALYZER_NUMBER_OBJECT_CONVERSION = YES_AGGRESSIVE;
				CLANG_CXX_LANGUAGE_STANDARD = "gnu++14";
				CLANG_CXX_LIBRARY = "libc++";
				CLANG_ENABLE_MODULES = YES;
				CLANG_ENABLE_OBJC_ARC = YES;
				CLANG_ENABLE_OBJC_WEAK = YES;
				CLANG_WARN_BLOCK_CAPTURE_AUTORELEASING = YES;
				CLANG_WARN_BOOL_CONVERSION = YES;
				CLANG_WARN_COMMA = YES;
				CLANG_WARN_CONSTANT_CONVERSION = YES;
				CLANG_WARN_DEPRECATED_OBJC_IMPLEMENTATIONS = YES;
				CLANG_WARN_DIRECT_OBJC_ISA_USAGE = YES_ERROR;
				CLANG_WARN_DOCUMENTATION_COMMENTS = YES;
				CLANG_WARN_EMPTY_BODY = YES;
				CLANG_WARN_ENUM_CONVERSION = YES;
				CLANG_WARN_INFINITE_RECURSION = YES;
				CLANG_WARN_INT_CONVERSION = YES;
				CLANG_WARN_NON_LITERAL_NULL_CONVERSION = YES;
				CLANG_WARN_OBJC_IMPLICIT_RETAIN_SELF = YES;
				CLANG_WARN_OBJC_LITERAL_CONVERSION = YES;
				CLANG_WARN_OBJC_ROOT_CLASS = YES_ERROR;
				CLANG_WARN_QUOTED_INCLUDE_IN_FRAMEWORK_HEADER = YES;
				CLANG_WARN_RANGE_LOOP_ANALYSIS = YES;
				CLANG_WARN_STRICT_PROTOTYPES = YES;
				CLANG_WARN_SUSPICIOUS_MOVE = YES;
				CLANG_WARN_UNGUARDED_AVAILABILITY = YES_AGGRESSIVE;
				CLANG_WARN_UNREACHABLE_CODE = YES;
				CLANG_WARN__DUPLICATE_METHOD_MATCH = YES;
				COPY_PHASE_STRIP = NO;
				DEBUG_INFORMATION_FORMAT = "dwarf-with-dsym";
				ENABLE_NS_ASSERTIONS = NO;
				ENABLE_STRICT_OBJC_MSGSEND = YES;
				GCC_C_LANGUAGE_STANDARD = gnu11;
				GCC_NO_COMMON_BLOCKS = YES;
				GCC_WARN_64_TO_32_BIT_CONVERSION = YES;
				GCC_WARN_ABOUT_RETURN_TYPE = YES_ERROR;
				GCC_WARN_UNDECLARED_SELECTOR = YES;
				GCC_WARN_UNINITIALIZED_AUTOS = YES_AGGRESSIVE;
				GCC_WARN_UNUSED_FUNCTION = YES;
				GCC_WARN_UNUSED_VARIABLE = YES;
				IPHONEOS_DEPLOYMENT_TARGET = 14.3;
				MTL_ENABLE_DEBUG_INFO = NO;
				MTL_FAST_MATH = YES;
				SDKROOT = iphoneos;
				SWIFT_COMPILATION_MODE = wholemodule;
				SWIFT_OPTIMIZATION_LEVEL = "-O";
				VALIDATE_PRODUCT = YES;
			};
			name = Release;
		};
		09A1460627B1705A0042A44C /* Debug */ = {
			isa = XCBuildConfiguration;
			buildSettings = {
				ASSETCATALOG_COMPILER_APPICON_NAME = AppIcon;
				ASSETCATALOG_COMPILER_GLOBAL_ACCENT_COLOR_NAME = AccentColor;
				CODE_SIGN_STYLE = Automatic;
				INFOPLIST_FILE = CiceMusic/Info.plist;
				LD_RUNPATH_SEARCH_PATHS = (
					"$(inherited)",
					"@executable_path/Frameworks",
				);
				PRODUCT_BUNDLE_IDENTIFIER = com.cice.education.Teconolgia.IOS.CiceMusic;
				PRODUCT_NAME = "$(TARGET_NAME)";
				SWIFT_VERSION = 5.0;
				TARGETED_DEVICE_FAMILY = 1;
			};
			name = Debug;
		};
		09A1460727B1705A0042A44C /* Release */ = {
			isa = XCBuildConfiguration;
			buildSettings = {
				ASSETCATALOG_COMPILER_APPICON_NAME = AppIcon;
				ASSETCATALOG_COMPILER_GLOBAL_ACCENT_COLOR_NAME = AccentColor;
				CODE_SIGN_STYLE = Automatic;
				INFOPLIST_FILE = CiceMusic/Info.plist;
				LD_RUNPATH_SEARCH_PATHS = (
					"$(inherited)",
					"@executable_path/Frameworks",
				);
				PRODUCT_BUNDLE_IDENTIFIER = com.cice.education.Teconolgia.IOS.CiceMusic;
				PRODUCT_NAME = "$(TARGET_NAME)";
				SWIFT_VERSION = 5.0;
				TARGETED_DEVICE_FAMILY = 1;
			};
			name = Release;
		};
/* End XCBuildConfiguration section */

/* Begin XCConfigurationList section */
		09A145EC27B170450042A44C /* Build configuration list for PBXProject "CiceMusic" */ = {
			isa = XCConfigurationList;
			buildConfigurations = (
				09A1460327B1705A0042A44C /* Debug */,
				09A1460427B1705A0042A44C /* Release */,
			);
			defaultConfigurationIsVisible = 0;
			defaultConfigurationName = Release;
		};
		09A1460527B1705A0042A44C /* Build configuration list for PBXNativeTarget "CiceMusic" */ = {
			isa = XCConfigurationList;
			buildConfigurations = (
				09A1460627B1705A0042A44C /* Debug */,
				09A1460727B1705A0042A44C /* Release */,
			);
			defaultConfigurationIsVisible = 0;
			defaultConfigurationName = Release;
		};
/* End XCConfigurationList section */
	};
	rootObject = 09A145E927B170450042A44C /* Project object */;
}
