// !$*UTF8*$!
{
	archiveVersion = 1;
	classes = {
	};
	objectVersion = 50;
	objects = {

/* Begin PBXBuildFile section */
		09A144FA27A1E6500042A44C /* AppDelegate.swift in Sources */ = {isa = PBXBuildFile; fileRef = 09A144F927A1E6500042A44C /* AppDelegate.swift */; };
		09A1450327A1E6510042A44C /* Assets.xcassets in Resources */ = {isa = PBXBuildFile; fileRef = 09A1450227A1E6510042A44C /* Assets.xcassets */; };
		09A1450627A1E6510042A44C /* LaunchScreen.storyboard in Resources */ = {isa = PBXBuildFile; fileRef = 09A1450427A1E6510042A44C /* LaunchScreen.storyboard */; };
		09A1451427A1E7060042A44C /* AppCoreCoordinator.swift in Sources */ = {isa = PBXBuildFile; fileRef = 09A1451327A1E7060042A44C /* AppCoreCoordinator.swift */; };
		09A1451A27A1E93A0042A44C /* RegisterViewController.swift in Sources */ = {isa = PBXBuildFile; fileRef = 09A1451827A1E93A0042A44C /* RegisterViewController.swift */; };
		09A1451B27A1E93A0042A44C /* RegisterViewController.xib in Resources */ = {isa = PBXBuildFile; fileRef = 09A1451927A1E93A0042A44C /* RegisterViewController.xib */; };
		09A1451F27A1E94A0042A44C /* RegisterCoordinator.swift in Sources */ = {isa = PBXBuildFile; fileRef = 09A1451E27A1E94A0042A44C /* RegisterCoordinator.swift */; };
		09A1452727A7D3B90042A44C /* Utils.swift in Sources */ = {isa = PBXBuildFile; fileRef = 09A1452627A7D3B90042A44C /* Utils.swift */; };
/* End PBXBuildFile section */

/* Begin PBXFileReference section */
		09A144F627A1E6500042A44C /* MyUserDefault.app */ = {isa = PBXFileReference; explicitFileType = wrapper.application; includeInIndex = 0; path = MyUserDefault.app; sourceTree = BUILT_PRODUCTS_DIR; };
		09A144F927A1E6500042A44C /* AppDelegate.swift */ = {isa = PBXFileReference; lastKnownFileType = sourcecode.swift; path = AppDelegate.swift; sourceTree = "<group>"; };
		09A1450227A1E6510042A44C /* Assets.xcassets */ = {isa = PBXFileReference; lastKnownFileType = folder.assetcatalog; path = Assets.xcassets; sourceTree = "<group>"; };
		09A1450527A1E6510042A44C /* Base */ = {isa = PBXFileReference; lastKnownFileType = file.storyboard; name = Base; path = Base.lproj/LaunchScreen.storyboard; sourceTree = "<group>"; };
		09A1450727A1E6510042A44C /* Info.plist */ = {isa = PBXFileReference; lastKnownFileType = text.plist.xml; path = Info.plist; sourceTree = "<group>"; };
		09A1451327A1E7060042A44C /* AppCoreCoordinator.swift */ = {isa = PBXFileReference; lastKnownFileType = sourcecode.swift; path = AppCoreCoordinator.swift; sourceTree = "<group>"; };
		09A1451827A1E93A0042A44C /* RegisterViewController.swift */ = {isa = PBXFileReference; lastKnownFileType = sourcecode.swift; path = RegisterViewController.swift; sourceTree = "<group>"; };
		09A1451927A1E93A0042A44C /* RegisterViewController.xib */ = {isa = PBXFileReference; lastKnownFileType = file.xib; path = RegisterViewController.xib; sourceTree = "<group>"; };
		09A1451E27A1E94A0042A44C /* RegisterCoordinator.swift */ = {isa = PBXFileReference; lastKnownFileType = sourcecode.swift; path = RegisterCoordinator.swift; sourceTree = "<group>"; };
		09A1452627A7D3B90042A44C /* Utils.swift */ = {isa = PBXFileReference; lastKnownFileType = sourcecode.swift; path = Utils.swift; sourceTree = "<group>"; };
/* End PBXFileReference section */

/* Begin PBXFrameworksBuildPhase section */
		09A144F327A1E6500042A44C /* Frameworks */ = {
			isa = PBXFrameworksBuildPhase;
			buildActionMask = 2147483647;
			files = (
			);
			runOnlyForDeploymentPostprocessing = 0;
		};
/* End PBXFrameworksBuildPhase section */

/* Begin PBXGroup section */
		09A144ED27A1E6500042A44C = {
			isa = PBXGroup;
			children = (
				09A144F827A1E6500042A44C /* MyUserDefault */,
				09A144F727A1E6500042A44C /* Products */,
			);
			sourceTree = "<group>";
		};
		09A144F727A1E6500042A44C /* Products */ = {
			isa = PBXGroup;
			children = (
				09A144F627A1E6500042A44C /* MyUserDefault.app */,
			);
			name = Products;
			sourceTree = "<group>";
		};
		09A144F827A1E6500042A44C /* MyUserDefault */ = {
			isa = PBXGroup;
			children = (
				09A1452527A7D29C0042A44C /* Utils+Helpers */,
				09A1451627A1E90C0042A44C /* Sources */,
				09A1451227A1E6E80042A44C /* CoreApp */,
				09A1450227A1E6510042A44C /* Assets.xcassets */,
				09A1450427A1E6510042A44C /* LaunchScreen.storyboard */,
				09A1450727A1E6510042A44C /* Info.plist */,
			);
			path = MyUserDefault;
			sourceTree = "<group>";
		};
		09A1451227A1E6E80042A44C /* CoreApp */ = {
			isa = PBXGroup;
			children = (
				09A144F927A1E6500042A44C /* AppDelegate.swift */,
				09A1451327A1E7060042A44C /* AppCoreCoordinator.swift */,
			);
			path = CoreApp;
			sourceTree = "<group>";
		};
		09A1451627A1E90C0042A44C /* Sources */ = {
			isa = PBXGroup;
			children = (
				09A1451727A1E9150042A44C /* RegisterView */,
			);
			path = Sources;
			sourceTree = "<group>";
		};
		09A1451727A1E9150042A44C /* RegisterView */ = {
			isa = PBXGroup;
			children = (
				09A1451827A1E93A0042A44C /* RegisterViewController.swift */,
				09A1451927A1E93A0042A44C /* RegisterViewController.xib */,
				09A1451E27A1E94A0042A44C /* RegisterCoordinator.swift */,
			);
			path = RegisterView;
			sourceTree = "<group>";
		};
		09A1452527A7D29C0042A44C /* Utils+Helpers */ = {
			isa = PBXGroup;
			children = (
				09A1452627A7D3B90042A44C /* Utils.swift */,
			);
			path = "Utils+Helpers";
			sourceTree = "<group>";
		};
/* End PBXGroup section */

/* Begin PBXNativeTarget section */
		09A144F527A1E6500042A44C /* MyUserDefault */ = {
			isa = PBXNativeTarget;
			buildConfigurationList = 09A1450A27A1E6510042A44C /* Build configuration list for PBXNativeTarget "MyUserDefault" */;
			buildPhases = (
				09A144F227A1E6500042A44C /* Sources */,
				09A144F327A1E6500042A44C /* Frameworks */,
				09A144F427A1E6500042A44C /* Resources */,
			);
			buildRules = (
			);
			dependencies = (
			);
			name = MyUserDefault;
			productName = MyUserDefault;
			productReference = 09A144F627A1E6500042A44C /* MyUserDefault.app */;
			productType = "com.apple.product-type.application";
		};
/* End PBXNativeTarget section */

/* Begin PBXProject section */
		09A144EE27A1E6500042A44C /* Project object */ = {
			isa = PBXProject;
			attributes = {
				LastSwiftUpdateCheck = 1230;
				LastUpgradeCheck = 1230;
				TargetAttributes = {
					09A144F527A1E6500042A44C = {
						CreatedOnToolsVersion = 12.3;
					};
				};
			};
			buildConfigurationList = 09A144F127A1E6500042A44C /* Build configuration list for PBXProject "MyUserDefault" */;
			compatibilityVersion = "Xcode 9.3";
			developmentRegion = en;
			hasScannedForEncodings = 0;
			knownRegions = (
				en,
				Base,
			);
			mainGroup = 09A144ED27A1E6500042A44C;
			productRefGroup = 09A144F727A1E6500042A44C /* Products */;
			projectDirPath = "";
			projectRoot = "";
			targets = (
				09A144F527A1E6500042A44C /* MyUserDefault */,
			);
		};
/* End PBXProject section */

/* Begin PBXResourcesBuildPhase section */
		09A144F427A1E6500042A44C /* Resources */ = {
			isa = PBXResourcesBuildPhase;
			buildActionMask = 2147483647;
			files = (
				09A1450627A1E6510042A44C /* LaunchScreen.storyboard in Resources */,
				09A1450327A1E6510042A44C /* Assets.xcassets in Resources */,
				09A1451B27A1E93A0042A44C /* RegisterViewController.xib in Resources */,
			);
			runOnlyForDeploymentPostprocessing = 0;
		};
/* End PBXResourcesBuildPhase section */

/* Begin PBXSourcesBuildPhase section */
		09A144F227A1E6500042A44C /* Sources */ = {
			isa = PBXSourcesBuildPhase;
			buildActionMask = 2147483647;
			files = (
				09A1452727A7D3B90042A44C /* Utils.swift in Sources */,
				09A1451A27A1E93A0042A44C /* RegisterViewController.swift in Sources */,
				09A1451F27A1E94A0042A44C /* RegisterCoordinator.swift in Sources */,
				09A144FA27A1E6500042A44C /* AppDelegate.swift in Sources */,
				09A1451427A1E7060042A44C /* AppCoreCoordinator.swift in Sources */,
			);
			runOnlyForDeploymentPostprocessing = 0;
		};
/* End PBXSourcesBuildPhase section */

/* Begin PBXVariantGroup section */
		09A1450427A1E6510042A44C /* LaunchScreen.storyboard */ = {
			isa = PBXVariantGroup;
			children = (
				09A1450527A1E6510042A44C /* Base */,
			);
			name = LaunchScreen.storyboard;
			sourceTree = "<group>";
		};
/* End PBXVariantGroup section */

/* Begin XCBuildConfiguration section */
		09A1450827A1E6510042A44C /* Debug */ = {
			isa = XCBuildConfiguration;
			buildSettings = {
				ALWAYS_SEARCH_USER_PATHS = NO;
				CLANG_ANALYZER_NONNULL = YES;
				CLANG_ANALYZER_NUMBER_OBJECT_CONVERSION = YES_AGGRESSIVE;
				CLANG_CXX_LANGUAGE_STANDARD = "gnu++14";
				CLANG_CXX_LIBRARY = "libc++";
				CLANG_ENABLE_MODULES = YES;
				CLANG_ENABLE_OBJC_ARC = YES;
				CLANG_ENABLE_OBJC_WEAK = YES;
				CLANG_WARN_BLOCK_CAPTURE_AUTORELEASING = YES;
				CLANG_WARN_BOOL_CONVERSION = YES;
				CLANG_WARN_COMMA = YES;
				CLANG_WARN_CONSTANT_CONVERSION = YES;
				CLANG_WARN_DEPRECATED_OBJC_IMPLEMENTATIONS = YES;
				CLANG_WARN_DIRECT_OBJC_ISA_USAGE = YES_ERROR;
				CLANG_WARN_DOCUMENTATION_COMMENTS = YES;
				CLANG_WARN_EMPTY_BODY = YES;
				CLANG_WARN_ENUM_CONVERSION = YES;
				CLANG_WARN_INFINITE_RECURSION = YES;
				CLANG_WARN_INT_CONVERSION = YES;
				CLANG_WARN_NON_LITERAL_NULL_CONVERSION = YES;
				CLANG_WARN_OBJC_IMPLICIT_RETAIN_SELF = YES;
				CLANG_WARN_OBJC_LITERAL_CONVERSION = YES;
				CLANG_WARN_OBJC_ROOT_CLASS = YES_ERROR;
				CLANG_WARN_QUOTED_INCLUDE_IN_FRAMEWORK_HEADER = YES;
				CLANG_WARN_RANGE_LOOP_ANALYSIS = YES;
				CLANG_WARN_STRICT_PROTOTYPES = YES;
				CLANG_WARN_SUSPICIOUS_MOVE = YES;
				CLANG_WARN_UNGUARDED_AVAILABILITY = YES_AGGRESSIVE;
				CLANG_WARN_UNREACHABLE_CODE = YES;
				CLANG_WARN__DUPLICATE_METHOD_MATCH = YES;
				COPY_PHASE_STRIP = NO;
				DEBUG_INFORMATION_FORMAT = dwarf;
				ENABLE_STRICT_OBJC_MSGSEND = YES;
				ENABLE_TESTABILITY = YES;
				GCC_C_LANGUAGE_STANDARD = gnu11;
				GCC_DYNAMIC_NO_PIC = NO;
				GCC_NO_COMMON_BLOCKS = YES;
				GCC_OPTIMIZATION_LEVEL = 0;
				GCC_PREPROCESSOR_DEFINITIONS = (
					"DEBUG=1",
					"$(inherited)",
				);
				GCC_WARN_64_TO_32_BIT_CONVERSION = YES;
				GCC_WARN_ABOUT_RETURN_TYPE = YES_ERROR;
				GCC_WARN_UNDECLARED_SELECTOR = YES;
				GCC_WARN_UNINITIALIZED_AUTOS = YES_AGGRESSIVE;
				GCC_WARN_UNUSED_FUNCTION = YES;
				GCC_WARN_UNUSED_VARIABLE = YES;
				IPHONEOS_DEPLOYMENT_TARGET = 14.3;
				MTL_ENABLE_DEBUG_INFO = INCLUDE_SOURCE;
				MTL_FAST_MATH = YES;
				ONLY_ACTIVE_ARCH = YES;
				SDKROOT = iphoneos;
				SWIFT_ACTIVE_COMPILATION_CONDITIONS = DEBUG;
				SWIFT_OPTIMIZATION_LEVEL = "-Onone";
			};
			name = Debug;
		};
		09A1450927A1E6510042A44C /* Release */ = {
			isa = XCBuildConfiguration;
			buildSettings = {
				ALWAYS_SEARCH_USER_PATHS = NO;
				CLANG_ANALYZER_NONNULL = YES;
				CLANG_ANALYZER_NUMBER_OBJECT_CONVERSION = YES_AGGRESSIVE;
				CLANG_CXX_LANGUAGE_STANDARD = "gnu++14";
				CLANG_CXX_LIBRARY = "libc++";
				CLANG_ENABLE_MODULES = YES;
				CLANG_ENABLE_OBJC_ARC = YES;
				CLANG_ENABLE_OBJC_WEAK = YES;
				CLANG_WARN_BLOCK_CAPTURE_AUTORELEASING = YES;
				CLANG_WARN_BOOL_CONVERSION = YES;
				CLANG_WARN_COMMA = YES;
				CLANG_WARN_CONSTANT_CONVERSION = YES;
				CLANG_WARN_DEPRECATED_OBJC_IMPLEMENTATIONS = YES;
				CLANG_WARN_DIRECT_OBJC_ISA_USAGE = YES_ERROR;
				CLANG_WARN_DOCUMENTATION_COMMENTS = YES;
				CLANG_WARN_EMPTY_BODY = YES;
				CLANG_WARN_ENUM_CONVERSION = YES;
				CLANG_WARN_INFINITE_RECURSION = YES;
				CLANG_WARN_INT_CONVERSION = YES;
				CLANG_WARN_NON_LITERAL_NULL_CONVERSION = YES;
				CLANG_WARN_OBJC_IMPLICIT_RETAIN_SELF = YES;
				CLANG_WARN_OBJC_LITERAL_CONVERSION = YES;
				CLANG_WARN_OBJC_ROOT_CLASS = YES_ERROR;
				CLANG_WARN_QUOTED_INCLUDE_IN_FRAMEWORK_HEADER = YES;
				CLANG_WARN_RANGE_LOOP_ANALYSIS = YES;
				CLANG_WARN_STRICT_PROTOTYPES = YES;
				CLANG_WARN_SUSPICIOUS_MOVE = YES;
				CLANG_WARN_UNGUARDED_AVAILABILITY = YES_AGGRESSIVE;
				CLANG_WARN_UNREACHABLE_CODE = YES;
				CLANG_WARN__DUPLICATE_METHOD_MATCH = YES;
				COPY_PHASE_STRIP = NO;
				DEBUG_INFORMATION_FORMAT = "dwarf-with-dsym";
				ENABLE_NS_ASSERTIONS = NO;
				ENABLE_STRICT_OBJC_MSGSEND = YES;
				GCC_C_LANGUAGE_STANDARD = gnu11;
				GCC_NO_COMMON_BLOCKS = YES;
				GCC_WARN_64_TO_32_BIT_CONVERSION = YES;
				GCC_WARN_ABOUT_RETURN_TYPE = YES_ERROR;
				GCC_WARN_UNDECLARED_SELECTOR = YES;
				GCC_WARN_UNINITIALIZED_AUTOS = YES_AGGRESSIVE;
				GCC_WARN_UNUSED_FUNCTION = YES;
				GCC_WARN_UNUSED_VARIABLE = YES;
				IPHONEOS_DEPLOYMENT_TARGET = 14.3;
				MTL_ENABLE_DEBUG_INFO = NO;
				MTL_FAST_MATH = YES;
				SDKROOT = iphoneos;
				SWIFT_COMPILATION_MODE = wholemodule;
				SWIFT_OPTIMIZATION_LEVEL = "-O";
				VALIDATE_PRODUCT = YES;
			};
			name = Release;
		};
		09A1450B27A1E6510042A44C /* Debug */ = {
			isa = XCBuildConfiguration;
			buildSettings = {
				ASSETCATALOG_COMPILER_APPICON_NAME = AppIcon;
				ASSETCATALOG_COMPILER_GLOBAL_ACCENT_COLOR_NAME = AccentColor;
				CODE_SIGN_STYLE = Automatic;
				INFOPLIST_FILE = MyUserDefault/Info.plist;
				LD_RUNPATH_SEARCH_PATHS = (
					"$(inherited)",
					"@executable_path/Frameworks",
				);
				PRODUCT_BUNDLE_IDENTIFIER = com.cice.education.Teconolgia.IOS.MyUserDefault;
				PRODUCT_NAME = "$(TARGET_NAME)";
				SWIFT_VERSION = 5.0;
				TARGETED_DEVICE_FAMILY = 1;
			};
			name = Debug;
		};
		09A1450C27A1E6510042A44C /* Release */ = {
			isa = XCBuildConfiguration;
			buildSettings = {
				ASSETCATALOG_COMPILER_APPICON_NAME = AppIcon;
				ASSETCATALOG_COMPILER_GLOBAL_ACCENT_COLOR_NAME = AccentColor;
				CODE_SIGN_STYLE = Automatic;
				INFOPLIST_FILE = MyUserDefault/Info.plist;
				LD_RUNPATH_SEARCH_PATHS = (
					"$(inherited)",
					"@executable_path/Frameworks",
				);
				PRODUCT_BUNDLE_IDENTIFIER = com.cice.education.Teconolgia.IOS.MyUserDefault;
				PRODUCT_NAME = "$(TARGET_NAME)";
				SWIFT_VERSION = 5.0;
				TARGETED_DEVICE_FAMILY = 1;
			};
			name = Release;
		};
/* End XCBuildConfiguration section */

/* Begin XCConfigurationList section */
		09A144F127A1E6500042A44C /* Build configuration list for PBXProject "MyUserDefault" */ = {
			isa = XCConfigurationList;
			buildConfigurations = (
				09A1450827A1E6510042A44C /* Debug */,
				09A1450927A1E6510042A44C /* Release */,
			);
			defaultConfigurationIsVisible = 0;
			defaultConfigurationName = Release;
		};
		09A1450A27A1E6510042A44C /* Build configuration list for PBXNativeTarget "MyUserDefault" */ = {
			isa = XCConfigurationList;
			buildConfigurations = (
				09A1450B27A1E6510042A44C /* Debug */,
				09A1450C27A1E6510042A44C /* Release */,
			);
			defaultConfigurationIsVisible = 0;
			defaultConfigurationName = Release;
		};
/* End XCConfigurationList section */
	};
	rootObject = 09A144EE27A1E6500042A44C /* Project object */;
}
