// !$*UTF8*$!
{
	archiveVersion = 1;
	classes = {
	};
	objectVersion = 50;
	objects = {

/* Begin PBXBuildFile section */
		09A1445A279F237D0042A44C /* AppDelegate.swift in Sources */ = {isa = PBXBuildFile; fileRef = 09A14459279F237D0042A44C /* AppDelegate.swift */; };
		09A14463279F238B0042A44C /* Assets.xcassets in Resources */ = {isa = PBXBuildFile; fileRef = 09A14462279F238B0042A44C /* Assets.xcassets */; };
		09A14466279F238B0042A44C /* LaunchScreen.storyboard in Resources */ = {isa = PBXBuildFile; fileRef = 09A14464279F238B0042A44C /* LaunchScreen.storyboard */; };
		09A14473279F27130042A44C /* AppCoordinator.swift in Sources */ = {isa = PBXBuildFile; fileRef = 09A14472279F27130042A44C /* AppCoordinator.swift */; };
		09A1447A279F2A090042A44C /* ListaCochesViewController.swift in Sources */ = {isa = PBXBuildFile; fileRef = 09A14478279F2A090042A44C /* ListaCochesViewController.swift */; };
		09A1447B279F2A090042A44C /* ListaCochesViewController.xib in Resources */ = {isa = PBXBuildFile; fileRef = 09A14479279F2A090042A44C /* ListaCochesViewController.xib */; };
		09A1447F279F2A4C0042A44C /* ListaCochesCoordinator.swift in Sources */ = {isa = PBXBuildFile; fileRef = 09A1447E279F2A4C0042A44C /* ListaCochesCoordinator.swift */; };
		09A14484279F2DC10042A44C /* MesesCell.swift in Sources */ = {isa = PBXBuildFile; fileRef = 09A14482279F2DC10042A44C /* MesesCell.swift */; };
		09A14485279F2DC10042A44C /* MesesCell.xib in Resources */ = {isa = PBXBuildFile; fileRef = 09A14483279F2DC10042A44C /* MesesCell.xib */; };
		09A1448A279F3B840042A44C /* Utils.swift in Sources */ = {isa = PBXBuildFile; fileRef = 09A14489279F3B840042A44C /* Utils.swift */; };
		09A14494279F3EB90042A44C /* ListaSuperCochesCoordinator.swift in Sources */ = {isa = PBXBuildFile; fileRef = 09A14493279F3EB90042A44C /* ListaSuperCochesCoordinator.swift */; };
		09A14499279F3FC60042A44C /* HomeTabBarViewController.swift in Sources */ = {isa = PBXBuildFile; fileRef = 09A14497279F3FC60042A44C /* HomeTabBarViewController.swift */; };
		09A1449A279F3FC60042A44C /* HomeTabBarViewController.xib in Resources */ = {isa = PBXBuildFile; fileRef = 09A14498279F3FC60042A44C /* HomeTabBarViewController.xib */; };
		09A1449E279F3FD90042A44C /* HomeTabBarCoordinator.swift in Sources */ = {isa = PBXBuildFile; fileRef = 09A1449D279F3FD90042A44C /* HomeTabBarCoordinator.swift */; };
		09A144A3279F45100042A44C /* CochesModel.swift in Sources */ = {isa = PBXBuildFile; fileRef = 09A144A2279F45100042A44C /* CochesModel.swift */; };
		09A144A8279F45D00042A44C /* ListSuperCochesViewController.swift in Sources */ = {isa = PBXBuildFile; fileRef = 09A144A6279F45D00042A44C /* ListSuperCochesViewController.swift */; };
		09A144A9279F45D00042A44C /* ListSuperCochesViewController.xib in Resources */ = {isa = PBXBuildFile; fileRef = 09A144A7279F45D00042A44C /* ListSuperCochesViewController.xib */; };
		09A144AD279F49460042A44C /* CochesCell.swift in Sources */ = {isa = PBXBuildFile; fileRef = 09A144AB279F49460042A44C /* CochesCell.swift */; };
		09A144AE279F49460042A44C /* CochesCell.xib in Resources */ = {isa = PBXBuildFile; fileRef = 09A144AC279F49460042A44C /* CochesCell.xib */; };
		09A144B327A07DA00042A44C /* ListaPerfilPostViewController.swift in Sources */ = {isa = PBXBuildFile; fileRef = 09A144B127A07DA00042A44C /* ListaPerfilPostViewController.swift */; };
		09A144B427A07DA00042A44C /* ListaPerfilPostViewController.xib in Resources */ = {isa = PBXBuildFile; fileRef = 09A144B227A07DA00042A44C /* ListaPerfilPostViewController.xib */; };
		09A144B727A07F790042A44C /* ListaPerfilPostCoordinator.swift in Sources */ = {isa = PBXBuildFile; fileRef = 09A144B627A07F790042A44C /* ListaPerfilPostCoordinator.swift */; };
/* End PBXBuildFile section */

/* Begin PBXFileReference section */
		09A14456279F237D0042A44C /* MyAppIntroductionTableView.app */ = {isa = PBXFileReference; explicitFileType = wrapper.application; includeInIndex = 0; path = MyAppIntroductionTableView.app; sourceTree = BUILT_PRODUCTS_DIR; };
		09A14459279F237D0042A44C /* AppDelegate.swift */ = {isa = PBXFileReference; lastKnownFileType = sourcecode.swift; path = AppDelegate.swift; sourceTree = "<group>"; };
		09A14462279F238B0042A44C /* Assets.xcassets */ = {isa = PBXFileReference; lastKnownFileType = folder.assetcatalog; path = Assets.xcassets; sourceTree = "<group>"; };
		09A14465279F238B0042A44C /* Base */ = {isa = PBXFileReference; lastKnownFileType = file.storyboard; name = Base; path = Base.lproj/LaunchScreen.storyboard; sourceTree = "<group>"; };
		09A14467279F238B0042A44C /* Info.plist */ = {isa = PBXFileReference; lastKnownFileType = text.plist.xml; path = Info.plist; sourceTree = "<group>"; };
		09A14472279F27130042A44C /* AppCoordinator.swift */ = {isa = PBXFileReference; lastKnownFileType = sourcecode.swift; path = AppCoordinator.swift; sourceTree = "<group>"; };
		09A14478279F2A090042A44C /* ListaCochesViewController.swift */ = {isa = PBXFileReference; lastKnownFileType = sourcecode.swift; path = ListaCochesViewController.swift; sourceTree = "<group>"; };
		09A14479279F2A090042A44C /* ListaCochesViewController.xib */ = {isa = PBXFileReference; lastKnownFileType = file.xib; path = ListaCochesViewController.xib; sourceTree = "<group>"; };
		09A1447E279F2A4C0042A44C /* ListaCochesCoordinator.swift */ = {isa = PBXFileReference; lastKnownFileType = sourcecode.swift; path = ListaCochesCoordinator.swift; sourceTree = "<group>"; };
		09A14482279F2DC10042A44C /* MesesCell.swift */ = {isa = PBXFileReference; lastKnownFileType = sourcecode.swift; path = MesesCell.swift; sourceTree = "<group>"; };
		09A14483279F2DC10042A44C /* MesesCell.xib */ = {isa = PBXFileReference; lastKnownFileType = file.xib; path = MesesCell.xib; sourceTree = "<group>"; };
		09A14489279F3B840042A44C /* Utils.swift */ = {isa = PBXFileReference; lastKnownFileType = sourcecode.swift; path = Utils.swift; sourceTree = "<group>"; };
		09A14493279F3EB90042A44C /* ListaSuperCochesCoordinator.swift */ = {isa = PBXFileReference; lastKnownFileType = sourcecode.swift; path = ListaSuperCochesCoordinator.swift; sourceTree = "<group>"; };
		09A14497279F3FC60042A44C /* HomeTabBarViewController.swift */ = {isa = PBXFileReference; lastKnownFileType = sourcecode.swift; path = HomeTabBarViewController.swift; sourceTree = "<group>"; };
		09A14498279F3FC60042A44C /* HomeTabBarViewController.xib */ = {isa = PBXFileReference; lastKnownFileType = file.xib; path = HomeTabBarViewController.xib; sourceTree = "<group>"; };
		09A1449D279F3FD90042A44C /* HomeTabBarCoordinator.swift */ = {isa = PBXFileReference; lastKnownFileType = sourcecode.swift; path = HomeTabBarCoordinator.swift; sourceTree = "<group>"; };
		09A144A2279F45100042A44C /* CochesModel.swift */ = {isa = PBXFileReference; lastKnownFileType = sourcecode.swift; path = CochesModel.swift; sourceTree = "<group>"; };
		09A144A6279F45D00042A44C /* ListSuperCochesViewController.swift */ = {isa = PBXFileReference; lastKnownFileType = sourcecode.swift; path = ListSuperCochesViewController.swift; sourceTree = "<group>"; };
		09A144A7279F45D00042A44C /* ListSuperCochesViewController.xib */ = {isa = PBXFileReference; lastKnownFileType = file.xib; path = ListSuperCochesViewController.xib; sourceTree = "<group>"; };
		09A144AB279F49460042A44C /* CochesCell.swift */ = {isa = PBXFileReference; lastKnownFileType = sourcecode.swift; path = CochesCell.swift; sourceTree = "<group>"; };
		09A144AC279F49460042A44C /* CochesCell.xib */ = {isa = PBXFileReference; lastKnownFileType = file.xib; path = CochesCell.xib; sourceTree = "<group>"; };
		09A144B127A07DA00042A44C /* ListaPerfilPostViewController.swift */ = {isa = PBXFileReference; lastKnownFileType = sourcecode.swift; path = ListaPerfilPostViewController.swift; sourceTree = "<group>"; };
		09A144B227A07DA00042A44C /* ListaPerfilPostViewController.xib */ = {isa = PBXFileReference; lastKnownFileType = file.xib; path = ListaPerfilPostViewController.xib; sourceTree = "<group>"; };
		09A144B627A07F790042A44C /* ListaPerfilPostCoordinator.swift */ = {isa = PBXFileReference; lastKnownFileType = sourcecode.swift; path = ListaPerfilPostCoordinator.swift; sourceTree = "<group>"; };
/* End PBXFileReference section */

/* Begin PBXFrameworksBuildPhase section */
		09A14453279F237D0042A44C /* Frameworks */ = {
			isa = PBXFrameworksBuildPhase;
			buildActionMask = 2147483647;
			files = (
			);
			runOnlyForDeploymentPostprocessing = 0;
		};
/* End PBXFrameworksBuildPhase section */

/* Begin PBXGroup section */
		09A1444D279F237D0042A44C = {
			isa = PBXGroup;
			children = (
				09A14458279F237D0042A44C /* MyAppIntroductionTableView */,
				09A14457279F237D0042A44C /* Products */,
			);
			sourceTree = "<group>";
		};
		09A14457279F237D0042A44C /* Products */ = {
			isa = PBXGroup;
			children = (
				09A14456279F237D0042A44C /* MyAppIntroductionTableView.app */,
			);
			name = Products;
			sourceTree = "<group>";
		};
		09A14458279F237D0042A44C /* MyAppIntroductionTableView */ = {
			isa = PBXGroup;
			children = (
				09A144A1279F44F30042A44C /* Models */,
				09A14488279F3B690042A44C /* Utils+Helpers */,
				09A14475279F29BD0042A44C /* Sources */,
				09A14470279F26F00042A44C /* CoreApp */,
				09A14462279F238B0042A44C /* Assets.xcassets */,
				09A14464279F238B0042A44C /* LaunchScreen.storyboard */,
				09A14467279F238B0042A44C /* Info.plist */,
			);
			path = MyAppIntroductionTableView;
			sourceTree = "<group>";
		};
		09A14470279F26F00042A44C /* CoreApp */ = {
			isa = PBXGroup;
			children = (
				09A14459279F237D0042A44C /* AppDelegate.swift */,
				09A14472279F27130042A44C /* AppCoordinator.swift */,
			);
			path = CoreApp;
			sourceTree = "<group>";
		};
		09A14475279F29BD0042A44C /* Sources */ = {
			isa = PBXGroup;
			children = (
				09A14476279F29C70042A44C /* Modules */,
			);
			path = Sources;
			sourceTree = "<group>";
		};
		09A14476279F29C70042A44C /* Modules */ = {
			isa = PBXGroup;
			children = (
				09A144B027A07D6B0042A44C /* ListaPerfilPostView */,
				09A14496279F3F910042A44C /* HomeTabBarView */,
				09A1448D279F3E330042A44C /* ListaSuperCochesView */,
				09A14477279F29D10042A44C /* ListaCochesView */,
			);
			path = Modules;
			sourceTree = "<group>";
		};
		09A14477279F29D10042A44C /* ListaCochesView */ = {
			isa = PBXGroup;
			children = (
				09A14481279F2D790042A44C /* Cell */,
				09A14478279F2A090042A44C /* ListaCochesViewController.swift */,
				09A14479279F2A090042A44C /* ListaCochesViewController.xib */,
				09A1447E279F2A4C0042A44C /* ListaCochesCoordinator.swift */,
			);
			path = ListaCochesView;
			sourceTree = "<group>";
		};
		09A14481279F2D790042A44C /* Cell */ = {
			isa = PBXGroup;
			children = (
				09A14482279F2DC10042A44C /* MesesCell.swift */,
				09A14483279F2DC10042A44C /* MesesCell.xib */,
			);
			path = Cell;
			sourceTree = "<group>";
		};
		09A14488279F3B690042A44C /* Utils+Helpers */ = {
			isa = PBXGroup;
			children = (
				09A14489279F3B840042A44C /* Utils.swift */,
			);
			path = "Utils+Helpers";
			sourceTree = "<group>";
		};
		09A1448D279F3E330042A44C /* ListaSuperCochesView */ = {
			isa = PBXGroup;
			children = (
				09A144A0279F43A80042A44C /* Cell */,
				09A14493279F3EB90042A44C /* ListaSuperCochesCoordinator.swift */,
				09A144A6279F45D00042A44C /* ListSuperCochesViewController.swift */,
				09A144A7279F45D00042A44C /* ListSuperCochesViewController.xib */,
			);
			path = ListaSuperCochesView;
			sourceTree = "<group>";
		};
		09A14496279F3F910042A44C /* HomeTabBarView */ = {
			isa = PBXGroup;
			children = (
				09A14497279F3FC60042A44C /* HomeTabBarViewController.swift */,
				09A14498279F3FC60042A44C /* HomeTabBarViewController.xib */,
				09A1449D279F3FD90042A44C /* HomeTabBarCoordinator.swift */,
			);
			path = HomeTabBarView;
			sourceTree = "<group>";
		};
		09A144A0279F43A80042A44C /* Cell */ = {
			isa = PBXGroup;
			children = (
				09A144AB279F49460042A44C /* CochesCell.swift */,
				09A144AC279F49460042A44C /* CochesCell.xib */,
			);
			path = Cell;
			sourceTree = "<group>";
		};
		09A144A1279F44F30042A44C /* Models */ = {
			isa = PBXGroup;
			children = (
				09A144A2279F45100042A44C /* CochesModel.swift */,
			);
			path = Models;
			sourceTree = "<group>";
		};
		09A144B027A07D6B0042A44C /* ListaPerfilPostView */ = {
			isa = PBXGroup;
			children = (
				09A144B927A081840042A44C /* Cell */,
				09A144B127A07DA00042A44C /* ListaPerfilPostViewController.swift */,
				09A144B227A07DA00042A44C /* ListaPerfilPostViewController.xib */,
				09A144B627A07F790042A44C /* ListaPerfilPostCoordinator.swift */,
			);
			path = ListaPerfilPostView;
			sourceTree = "<group>";
		};
		09A144B927A081840042A44C /* Cell */ = {
			isa = PBXGroup;
			children = (
			);
			path = Cell;
			sourceTree = "<group>";
		};
/* End PBXGroup section */

/* Begin PBXNativeTarget section */
		09A14455279F237D0042A44C /* MyAppIntroductionTableView */ = {
			isa = PBXNativeTarget;
			buildConfigurationList = 09A1446A279F238B0042A44C /* Build configuration list for PBXNativeTarget "MyAppIntroductionTableView" */;
			buildPhases = (
				09A14452279F237D0042A44C /* Sources */,
				09A14453279F237D0042A44C /* Frameworks */,
				09A14454279F237D0042A44C /* Resources */,
			);
			buildRules = (
			);
			dependencies = (
			);
			name = MyAppIntroductionTableView;
			productName = MyAppIntroductionTableView;
			productReference = 09A14456279F237D0042A44C /* MyAppIntroductionTableView.app */;
			productType = "com.apple.product-type.application";
		};
/* End PBXNativeTarget section */

/* Begin PBXProject section */
		09A1444E279F237D0042A44C /* Project object */ = {
			isa = PBXProject;
			attributes = {
				LastSwiftUpdateCheck = 1230;
				LastUpgradeCheck = 1230;
				TargetAttributes = {
					09A14455279F237D0042A44C = {
						CreatedOnToolsVersion = 12.3;
					};
				};
			};
			buildConfigurationList = 09A14451279F237D0042A44C /* Build configuration list for PBXProject "MyAppIntroductionTableView" */;
			compatibilityVersion = "Xcode 9.3";
			developmentRegion = en;
			hasScannedForEncodings = 0;
			knownRegions = (
				en,
				Base,
			);
			mainGroup = 09A1444D279F237D0042A44C;
			productRefGroup = 09A14457279F237D0042A44C /* Products */;
			projectDirPath = "";
			projectRoot = "";
			targets = (
				09A14455279F237D0042A44C /* MyAppIntroductionTableView */,
			);
		};
/* End PBXProject section */

/* Begin PBXResourcesBuildPhase section */
		09A14454279F237D0042A44C /* Resources */ = {
			isa = PBXResourcesBuildPhase;
			buildActionMask = 2147483647;
			files = (
				09A14466279F238B0042A44C /* LaunchScreen.storyboard in Resources */,
				09A1449A279F3FC60042A44C /* HomeTabBarViewController.xib in Resources */,
				09A144B427A07DA00042A44C /* ListaPerfilPostViewController.xib in Resources */,
				09A1447B279F2A090042A44C /* ListaCochesViewController.xib in Resources */,
				09A144AE279F49460042A44C /* CochesCell.xib in Resources */,
				09A14463279F238B0042A44C /* Assets.xcassets in Resources */,
				09A14485279F2DC10042A44C /* MesesCell.xib in Resources */,
				09A144A9279F45D00042A44C /* ListSuperCochesViewController.xib in Resources */,
			);
			runOnlyForDeploymentPostprocessing = 0;
		};
/* End PBXResourcesBuildPhase section */

/* Begin PBXSourcesBuildPhase section */
		09A14452279F237D0042A44C /* Sources */ = {
			isa = PBXSourcesBuildPhase;
			buildActionMask = 2147483647;
			files = (
				09A144AD279F49460042A44C /* CochesCell.swift in Sources */,
				09A14499279F3FC60042A44C /* HomeTabBarViewController.swift in Sources */,
				09A14484279F2DC10042A44C /* MesesCell.swift in Sources */,
				09A14473279F27130042A44C /* AppCoordinator.swift in Sources */,
				09A144B727A07F790042A44C /* ListaPerfilPostCoordinator.swift in Sources */,
				09A144A3279F45100042A44C /* CochesModel.swift in Sources */,
				09A144B327A07DA00042A44C /* ListaPerfilPostViewController.swift in Sources */,
				09A1447F279F2A4C0042A44C /* ListaCochesCoordinator.swift in Sources */,
				09A14494279F3EB90042A44C /* ListaSuperCochesCoordinator.swift in Sources */,
				09A144A8279F45D00042A44C /* ListSuperCochesViewController.swift in Sources */,
				09A1447A279F2A090042A44C /* ListaCochesViewController.swift in Sources */,
				09A1445A279F237D0042A44C /* AppDelegate.swift in Sources */,
				09A1448A279F3B840042A44C /* Utils.swift in Sources */,
				09A1449E279F3FD90042A44C /* HomeTabBarCoordinator.swift in Sources */,
			);
			runOnlyForDeploymentPostprocessing = 0;
		};
/* End PBXSourcesBuildPhase section */

/* Begin PBXVariantGroup section */
		09A14464279F238B0042A44C /* LaunchScreen.storyboard */ = {
			isa = PBXVariantGroup;
			children = (
				09A14465279F238B0042A44C /* Base */,
			);
			name = LaunchScreen.storyboard;
			sourceTree = "<group>";
		};
/* End PBXVariantGroup section */

/* Begin XCBuildConfiguration section */
		09A14468279F238B0042A44C /* Debug */ = {
			isa = XCBuildConfiguration;
			buildSettings = {
				ALWAYS_SEARCH_USER_PATHS = NO;
				CLANG_ANALYZER_NONNULL = YES;
				CLANG_ANALYZER_NUMBER_OBJECT_CONVERSION = YES_AGGRESSIVE;
				CLANG_CXX_LANGUAGE_STANDARD = "gnu++14";
				CLANG_CXX_LIBRARY = "libc++";
				CLANG_ENABLE_MODULES = YES;
				CLANG_ENABLE_OBJC_ARC = YES;
				CLANG_ENABLE_OBJC_WEAK = YES;
				CLANG_WARN_BLOCK_CAPTURE_AUTORELEASING = YES;
				CLANG_WARN_BOOL_CONVERSION = YES;
				CLANG_WARN_COMMA = YES;
				CLANG_WARN_CONSTANT_CONVERSION = YES;
				CLANG_WARN_DEPRECATED_OBJC_IMPLEMENTATIONS = YES;
				CLANG_WARN_DIRECT_OBJC_ISA_USAGE = YES_ERROR;
				CLANG_WARN_DOCUMENTATION_COMMENTS = YES;
				CLANG_WARN_EMPTY_BODY = YES;
				CLANG_WARN_ENUM_CONVERSION = YES;
				CLANG_WARN_INFINITE_RECURSION = YES;
				CLANG_WARN_INT_CONVERSION = YES;
				CLANG_WARN_NON_LITERAL_NULL_CONVERSION = YES;
				CLANG_WARN_OBJC_IMPLICIT_RETAIN_SELF = YES;
				CLANG_WARN_OBJC_LITERAL_CONVERSION = YES;
				CLANG_WARN_OBJC_ROOT_CLASS = YES_ERROR;
				CLANG_WARN_QUOTED_INCLUDE_IN_FRAMEWORK_HEADER = YES;
				CLANG_WARN_RANGE_LOOP_ANALYSIS = YES;
				CLANG_WARN_STRICT_PROTOTYPES = YES;
				CLANG_WARN_SUSPICIOUS_MOVE = YES;
				CLANG_WARN_UNGUARDED_AVAILABILITY = YES_AGGRESSIVE;
				CLANG_WARN_UNREACHABLE_CODE = YES;
				CLANG_WARN__DUPLICATE_METHOD_MATCH = YES;
				COPY_PHASE_STRIP = NO;
				DEBUG_INFORMATION_FORMAT = dwarf;
				ENABLE_STRICT_OBJC_MSGSEND = YES;
				ENABLE_TESTABILITY = YES;
				GCC_C_LANGUAGE_STANDARD = gnu11;
				GCC_DYNAMIC_NO_PIC = NO;
				GCC_NO_COMMON_BLOCKS = YES;
				GCC_OPTIMIZATION_LEVEL = 0;
				GCC_PREPROCESSOR_DEFINITIONS = (
					"DEBUG=1",
					"$(inherited)",
				);
				GCC_WARN_64_TO_32_BIT_CONVERSION = YES;
				GCC_WARN_ABOUT_RETURN_TYPE = YES_ERROR;
				GCC_WARN_UNDECLARED_SELECTOR = YES;
				GCC_WARN_UNINITIALIZED_AUTOS = YES_AGGRESSIVE;
				GCC_WARN_UNUSED_FUNCTION = YES;
				GCC_WARN_UNUSED_VARIABLE = YES;
				IPHONEOS_DEPLOYMENT_TARGET = 14.3;
				MTL_ENABLE_DEBUG_INFO = INCLUDE_SOURCE;
				MTL_FAST_MATH = YES;
				ONLY_ACTIVE_ARCH = YES;
				SDKROOT = iphoneos;
				SWIFT_ACTIVE_COMPILATION_CONDITIONS = DEBUG;
				SWIFT_OPTIMIZATION_LEVEL = "-Onone";
			};
			name = Debug;
		};
		09A14469279F238B0042A44C /* Release */ = {
			isa = XCBuildConfiguration;
			buildSettings = {
				ALWAYS_SEARCH_USER_PATHS = NO;
				CLANG_ANALYZER_NONNULL = YES;
				CLANG_ANALYZER_NUMBER_OBJECT_CONVERSION = YES_AGGRESSIVE;
				CLANG_CXX_LANGUAGE_STANDARD = "gnu++14";
				CLANG_CXX_LIBRARY = "libc++";
				CLANG_ENABLE_MODULES = YES;
				CLANG_ENABLE_OBJC_ARC = YES;
				CLANG_ENABLE_OBJC_WEAK = YES;
				CLANG_WARN_BLOCK_CAPTURE_AUTORELEASING = YES;
				CLANG_WARN_BOOL_CONVERSION = YES;
				CLANG_WARN_COMMA = YES;
				CLANG_WARN_CONSTANT_CONVERSION = YES;
				CLANG_WARN_DEPRECATED_OBJC_IMPLEMENTATIONS = YES;
				CLANG_WARN_DIRECT_OBJC_ISA_USAGE = YES_ERROR;
				CLANG_WARN_DOCUMENTATION_COMMENTS = YES;
				CLANG_WARN_EMPTY_BODY = YES;
				CLANG_WARN_ENUM_CONVERSION = YES;
				CLANG_WARN_INFINITE_RECURSION = YES;
				CLANG_WARN_INT_CONVERSION = YES;
				CLANG_WARN_NON_LITERAL_NULL_CONVERSION = YES;
				CLANG_WARN_OBJC_IMPLICIT_RETAIN_SELF = YES;
				CLANG_WARN_OBJC_LITERAL_CONVERSION = YES;
				CLANG_WARN_OBJC_ROOT_CLASS = YES_ERROR;
				CLANG_WARN_QUOTED_INCLUDE_IN_FRAMEWORK_HEADER = YES;
				CLANG_WARN_RANGE_LOOP_ANALYSIS = YES;
				CLANG_WARN_STRICT_PROTOTYPES = YES;
				CLANG_WARN_SUSPICIOUS_MOVE = YES;
				CLANG_WARN_UNGUARDED_AVAILABILITY = YES_AGGRESSIVE;
				CLANG_WARN_UNREACHABLE_CODE = YES;
				CLANG_WARN__DUPLICATE_METHOD_MATCH = YES;
				COPY_PHASE_STRIP = NO;
				DEBUG_INFORMATION_FORMAT = "dwarf-with-dsym";
				ENABLE_NS_ASSERTIONS = NO;
				ENABLE_STRICT_OBJC_MSGSEND = YES;
				GCC_C_LANGUAGE_STANDARD = gnu11;
				GCC_NO_COMMON_BLOCKS = YES;
				GCC_WARN_64_TO_32_BIT_CONVERSION = YES;
				GCC_WARN_ABOUT_RETURN_TYPE = YES_ERROR;
				GCC_WARN_UNDECLARED_SELECTOR = YES;
				GCC_WARN_UNINITIALIZED_AUTOS = YES_AGGRESSIVE;
				GCC_WARN_UNUSED_FUNCTION = YES;
				GCC_WARN_UNUSED_VARIABLE = YES;
				IPHONEOS_DEPLOYMENT_TARGET = 14.3;
				MTL_ENABLE_DEBUG_INFO = NO;
				MTL_FAST_MATH = YES;
				SDKROOT = iphoneos;
				SWIFT_COMPILATION_MODE = wholemodule;
				SWIFT_OPTIMIZATION_LEVEL = "-O";
				VALIDATE_PRODUCT = YES;
			};
			name = Release;
		};
		09A1446B279F238B0042A44C /* Debug */ = {
			isa = XCBuildConfiguration;
			buildSettings = {
				ASSETCATALOG_COMPILER_APPICON_NAME = AppIcon;
				ASSETCATALOG_COMPILER_GLOBAL_ACCENT_COLOR_NAME = AccentColor;
				CODE_SIGN_STYLE = Automatic;
				INFOPLIST_FILE = MyAppIntroductionTableView/Info.plist;
				LD_RUNPATH_SEARCH_PATHS = (
					"$(inherited)",
					"@executable_path/Frameworks",
				);
				PRODUCT_BUNDLE_IDENTIFIER = com.cice.education.Teconolgia.IOS.MyAppIntroductionTableView;
				PRODUCT_NAME = "$(TARGET_NAME)";
				SWIFT_VERSION = 5.0;
				TARGETED_DEVICE_FAMILY = 1;
			};
			name = Debug;
		};
		09A1446C279F238B0042A44C /* Release */ = {
			isa = XCBuildConfiguration;
			buildSettings = {
				ASSETCATALOG_COMPILER_APPICON_NAME = AppIcon;
				ASSETCATALOG_COMPILER_GLOBAL_ACCENT_COLOR_NAME = AccentColor;
				CODE_SIGN_STYLE = Automatic;
				INFOPLIST_FILE = MyAppIntroductionTableView/Info.plist;
				LD_RUNPATH_SEARCH_PATHS = (
					"$(inherited)",
					"@executable_path/Frameworks",
				);
				PRODUCT_BUNDLE_IDENTIFIER = com.cice.education.Teconolgia.IOS.MyAppIntroductionTableView;
				PRODUCT_NAME = "$(TARGET_NAME)";
				SWIFT_VERSION = 5.0;
				TARGETED_DEVICE_FAMILY = 1;
			};
			name = Release;
		};
/* End XCBuildConfiguration section */

/* Begin XCConfigurationList section */
		09A14451279F237D0042A44C /* Build configuration list for PBXProject "MyAppIntroductionTableView" */ = {
			isa = XCConfigurationList;
			buildConfigurations = (
				09A14468279F238B0042A44C /* Debug */,
				09A14469279F238B0042A44C /* Release */,
			);
			defaultConfigurationIsVisible = 0;
			defaultConfigurationName = Release;
		};
		09A1446A279F238B0042A44C /* Build configuration list for PBXNativeTarget "MyAppIntroductionTableView" */ = {
			isa = XCConfigurationList;
			buildConfigurations = (
				09A1446B279F238B0042A44C /* Debug */,
				09A1446C279F238B0042A44C /* Release */,
			);
			defaultConfigurationIsVisible = 0;
			defaultConfigurationName = Release;
		};
/* End XCConfigurationList section */
	};
	rootObject = 09A1444E279F237D0042A44C /* Project object */;
}
