// !$*UTF8*$!
{
	archiveVersion = 1;
	classes = {
	};
	objectVersion = 50;
	objects = {

/* Begin PBXBuildFile section */
		09A1455427A7F7250042A44C /* AppDelegate.swift in Sources */ = {isa = PBXBuildFile; fileRef = 09A1455327A7F7250042A44C /* AppDelegate.swift */; };
		09A1455D27A7F72D0042A44C /* Assets.xcassets in Resources */ = {isa = PBXBuildFile; fileRef = 09A1455C27A7F72D0042A44C /* Assets.xcassets */; };
		09A1456027A7F72D0042A44C /* LaunchScreen.storyboard in Resources */ = {isa = PBXBuildFile; fileRef = 09A1455E27A7F72D0042A44C /* LaunchScreen.storyboard */; };
		09A1456E27A8613A0042A44C /* AppCoreCoordinator.swift in Sources */ = {isa = PBXBuildFile; fileRef = 09A1456D27A8613A0042A44C /* AppCoreCoordinator.swift */; };
		09A1457227A861C80042A44C /* Utils.swift in Sources */ = {isa = PBXBuildFile; fileRef = 09A1457127A861C80042A44C /* Utils.swift */; };
		09A1457A27A865720042A44C /* contacts.json in Resources */ = {isa = PBXBuildFile; fileRef = 09A1457927A865720042A44C /* contacts.json */; };
		09A1457E27A865DF0042A44C /* TaskModel.swift in Sources */ = {isa = PBXBuildFile; fileRef = 09A1457D27A865DF0042A44C /* TaskModel.swift */; };
		09A1458C27A868A00042A44C /* LoginViewController.swift in Sources */ = {isa = PBXBuildFile; fileRef = 09A1458A27A868A00042A44C /* LoginViewController.swift */; };
		09A1458D27A868A00042A44C /* LoginViewController.xib in Resources */ = {isa = PBXBuildFile; fileRef = 09A1458B27A868A00042A44C /* LoginViewController.xib */; };
		09A1459127A868D40042A44C /* HomeTabBarViewController.swift in Sources */ = {isa = PBXBuildFile; fileRef = 09A1458F27A868D40042A44C /* HomeTabBarViewController.swift */; };
		09A1459227A868D40042A44C /* HomeTabBarViewController.xib in Resources */ = {isa = PBXBuildFile; fileRef = 09A1459027A868D40042A44C /* HomeTabBarViewController.xib */; };
		09A1459627A868FA0042A44C /* ContactosViewController.swift in Sources */ = {isa = PBXBuildFile; fileRef = 09A1459427A868FA0042A44C /* ContactosViewController.swift */; };
		09A1459727A868FA0042A44C /* ContactosViewController.xib in Resources */ = {isa = PBXBuildFile; fileRef = 09A1459527A868FA0042A44C /* ContactosViewController.xib */; };
		09A1459B27A869140042A44C /* NuevaTareaViewController.swift in Sources */ = {isa = PBXBuildFile; fileRef = 09A1459927A869140042A44C /* NuevaTareaViewController.swift */; };
		09A1459C27A869140042A44C /* NuevaTareaViewController.xib in Resources */ = {isa = PBXBuildFile; fileRef = 09A1459A27A869140042A44C /* NuevaTareaViewController.xib */; };
		09A145A027A869350042A44C /* CategoriasViewController.swift in Sources */ = {isa = PBXBuildFile; fileRef = 09A1459E27A869350042A44C /* CategoriasViewController.swift */; };
		09A145A127A869350042A44C /* CategoriasViewController.xib in Resources */ = {isa = PBXBuildFile; fileRef = 09A1459F27A869350042A44C /* CategoriasViewController.xib */; };
		09A145A527A869620042A44C /* ListaTareasViewController.swift in Sources */ = {isa = PBXBuildFile; fileRef = 09A145A327A869620042A44C /* ListaTareasViewController.swift */; };
		09A145A627A869620042A44C /* ListaTareasViewController.xib in Resources */ = {isa = PBXBuildFile; fileRef = 09A145A427A869620042A44C /* ListaTareasViewController.xib */; };
		09A145AA27A869770042A44C /* DetalleTareaViewController.swift in Sources */ = {isa = PBXBuildFile; fileRef = 09A145A827A869770042A44C /* DetalleTareaViewController.swift */; };
		09A145AB27A869770042A44C /* DetalleTareaViewController.xib in Resources */ = {isa = PBXBuildFile; fileRef = 09A145A927A869770042A44C /* DetalleTareaViewController.xib */; };
		09A145AE27A869D40042A44C /* LoginViewCoordinator.swift in Sources */ = {isa = PBXBuildFile; fileRef = 09A145AD27A869D40042A44C /* LoginViewCoordinator.swift */; };
		09A145B127A86A4E0042A44C /* HomeTabBarViewCoordinator.swift in Sources */ = {isa = PBXBuildFile; fileRef = 09A145B027A86A4E0042A44C /* HomeTabBarViewCoordinator.swift */; };
		09A145B427A86A980042A44C /* ContactosViewCoordinator.swift in Sources */ = {isa = PBXBuildFile; fileRef = 09A145B327A86A980042A44C /* ContactosViewCoordinator.swift */; };
		09A145B727A86B010042A44C /* ListaTareasViewCoordinator.swift in Sources */ = {isa = PBXBuildFile; fileRef = 09A145B627A86B010042A44C /* ListaTareasViewCoordinator.swift */; };
		09A145BA27A86B330042A44C /* DetalleTareaViewCoordinator.swift in Sources */ = {isa = PBXBuildFile; fileRef = 09A145B927A86B330042A44C /* DetalleTareaViewCoordinator.swift */; };
		09A145BD27A86B6B0042A44C /* NuevaTareaViewCoordinator.swift in Sources */ = {isa = PBXBuildFile; fileRef = 09A145BC27A86B6B0042A44C /* NuevaTareaViewCoordinator.swift */; };
/* End PBXBuildFile section */

/* Begin PBXFileReference section */
		09A1455027A7F7250042A44C /* MyTaskVersion3.0.app */ = {isa = PBXFileReference; explicitFileType = wrapper.application; includeInIndex = 0; path = MyTaskVersion3.0.app; sourceTree = BUILT_PRODUCTS_DIR; };
		09A1455327A7F7250042A44C /* AppDelegate.swift */ = {isa = PBXFileReference; lastKnownFileType = sourcecode.swift; path = AppDelegate.swift; sourceTree = "<group>"; };
		09A1455C27A7F72D0042A44C /* Assets.xcassets */ = {isa = PBXFileReference; lastKnownFileType = folder.assetcatalog; path = Assets.xcassets; sourceTree = "<group>"; };
		09A1455F27A7F72D0042A44C /* Base */ = {isa = PBXFileReference; lastKnownFileType = file.storyboard; name = Base; path = Base.lproj/LaunchScreen.storyboard; sourceTree = "<group>"; };
		09A1456127A7F72D0042A44C /* Info.plist */ = {isa = PBXFileReference; lastKnownFileType = text.plist.xml; path = Info.plist; sourceTree = "<group>"; };
		09A1456D27A8613A0042A44C /* AppCoreCoordinator.swift */ = {isa = PBXFileReference; lastKnownFileType = sourcecode.swift; path = AppCoreCoordinator.swift; sourceTree = "<group>"; };
		09A1457127A861C80042A44C /* Utils.swift */ = {isa = PBXFileReference; lastKnownFileType = sourcecode.swift; path = Utils.swift; sourceTree = "<group>"; };
		09A1457927A865720042A44C /* contacts.json */ = {isa = PBXFileReference; fileEncoding = 4; lastKnownFileType = text.json; name = contacts.json; path = ../../../Resources/contacts.json; sourceTree = "<group>"; };
		09A1457D27A865DF0042A44C /* TaskModel.swift */ = {isa = PBXFileReference; lastKnownFileType = sourcecode.swift; path = TaskModel.swift; sourceTree = "<group>"; };
		09A1458A27A868A00042A44C /* LoginViewController.swift */ = {isa = PBXFileReference; lastKnownFileType = sourcecode.swift; path = LoginViewController.swift; sourceTree = "<group>"; };
		09A1458B27A868A00042A44C /* LoginViewController.xib */ = {isa = PBXFileReference; lastKnownFileType = file.xib; path = LoginViewController.xib; sourceTree = "<group>"; };
		09A1458F27A868D40042A44C /* HomeTabBarViewController.swift */ = {isa = PBXFileReference; lastKnownFileType = sourcecode.swift; path = HomeTabBarViewController.swift; sourceTree = "<group>"; };
		09A1459027A868D40042A44C /* HomeTabBarViewController.xib */ = {isa = PBXFileReference; lastKnownFileType = file.xib; path = HomeTabBarViewController.xib; sourceTree = "<group>"; };
		09A1459427A868FA0042A44C /* ContactosViewController.swift */ = {isa = PBXFileReference; lastKnownFileType = sourcecode.swift; path = ContactosViewController.swift; sourceTree = "<group>"; };
		09A1459527A868FA0042A44C /* ContactosViewController.xib */ = {isa = PBXFileReference; lastKnownFileType = file.xib; path = ContactosViewController.xib; sourceTree = "<group>"; };
		09A1459927A869140042A44C /* NuevaTareaViewController.swift */ = {isa = PBXFileReference; lastKnownFileType = sourcecode.swift; path = NuevaTareaViewController.swift; sourceTree = "<group>"; };
		09A1459A27A869140042A44C /* NuevaTareaViewController.xib */ = {isa = PBXFileReference; lastKnownFileType = file.xib; path = NuevaTareaViewController.xib; sourceTree = "<group>"; };
		09A1459E27A869350042A44C /* CategoriasViewController.swift */ = {isa = PBXFileReference; lastKnownFileType = sourcecode.swift; path = CategoriasViewController.swift; sourceTree = "<group>"; };
		09A1459F27A869350042A44C /* CategoriasViewController.xib */ = {isa = PBXFileReference; lastKnownFileType = file.xib; path = CategoriasViewController.xib; sourceTree = "<group>"; };
		09A145A327A869620042A44C /* ListaTareasViewController.swift */ = {isa = PBXFileReference; lastKnownFileType = sourcecode.swift; path = ListaTareasViewController.swift; sourceTree = "<group>"; };
		09A145A427A869620042A44C /* ListaTareasViewController.xib */ = {isa = PBXFileReference; lastKnownFileType = file.xib; path = ListaTareasViewController.xib; sourceTree = "<group>"; };
		09A145A827A869770042A44C /* DetalleTareaViewController.swift */ = {isa = PBXFileReference; lastKnownFileType = sourcecode.swift; path = DetalleTareaViewController.swift; sourceTree = "<group>"; };
		09A145A927A869770042A44C /* DetalleTareaViewController.xib */ = {isa = PBXFileReference; lastKnownFileType = file.xib; path = DetalleTareaViewController.xib; sourceTree = "<group>"; };
		09A145AD27A869D40042A44C /* LoginViewCoordinator.swift */ = {isa = PBXFileReference; lastKnownFileType = sourcecode.swift; path = LoginViewCoordinator.swift; sourceTree = "<group>"; };
		09A145B027A86A4E0042A44C /* HomeTabBarViewCoordinator.swift */ = {isa = PBXFileReference; lastKnownFileType = sourcecode.swift; path = HomeTabBarViewCoordinator.swift; sourceTree = "<group>"; };
		09A145B327A86A980042A44C /* ContactosViewCoordinator.swift */ = {isa = PBXFileReference; lastKnownFileType = sourcecode.swift; path = ContactosViewCoordinator.swift; sourceTree = "<group>"; };
		09A145B627A86B010042A44C /* ListaTareasViewCoordinator.swift */ = {isa = PBXFileReference; lastKnownFileType = sourcecode.swift; path = ListaTareasViewCoordinator.swift; sourceTree = "<group>"; };
		09A145B927A86B330042A44C /* DetalleTareaViewCoordinator.swift */ = {isa = PBXFileReference; lastKnownFileType = sourcecode.swift; path = DetalleTareaViewCoordinator.swift; sourceTree = "<group>"; };
		09A145BC27A86B6B0042A44C /* NuevaTareaViewCoordinator.swift */ = {isa = PBXFileReference; lastKnownFileType = sourcecode.swift; path = NuevaTareaViewCoordinator.swift; sourceTree = "<group>"; };
/* End PBXFileReference section */

/* Begin PBXFrameworksBuildPhase section */
		09A1454D27A7F7250042A44C /* Frameworks */ = {
			isa = PBXFrameworksBuildPhase;
			buildActionMask = 2147483647;
			files = (
			);
			runOnlyForDeploymentPostprocessing = 0;
		};
/* End PBXFrameworksBuildPhase section */

/* Begin PBXGroup section */
		09A1454727A7F7250042A44C = {
			isa = PBXGroup;
			children = (
				09A1455227A7F7250042A44C /* MyTaskVersion3.0 */,
				09A1455127A7F7250042A44C /* Products */,
			);
			sourceTree = "<group>";
		};
		09A1455127A7F7250042A44C /* Products */ = {
			isa = PBXGroup;
			children = (
				09A1455027A7F7250042A44C /* MyTaskVersion3.0.app */,
			);
			name = Products;
			sourceTree = "<group>";
		};
		09A1455227A7F7250042A44C /* MyTaskVersion3.0 */ = {
			isa = PBXGroup;
			children = (
				09A1456927A85FF40042A44C /* Sources */,
				09A1456A27A85FFD0042A44C /* Resources */,
				09A1457C27A865960042A44C /* Models */,
				09A1456827A85FE20042A44C /* Utils+Helpers */,
				09A1456B27A860250042A44C /* CoreApp */,
				09A1455C27A7F72D0042A44C /* Assets.xcassets */,
				09A1455E27A7F72D0042A44C /* LaunchScreen.storyboard */,
				09A1456127A7F72D0042A44C /* Info.plist */,
			);
			path = MyTaskVersion3.0;
			sourceTree = "<group>";
		};
		09A1456827A85FE20042A44C /* Utils+Helpers */ = {
			isa = PBXGroup;
			children = (
				09A1457127A861C80042A44C /* Utils.swift */,
			);
			path = "Utils+Helpers";
			sourceTree = "<group>";
		};
		09A1456927A85FF40042A44C /* Sources */ = {
			isa = PBXGroup;
			children = (
				09A1458827A868620042A44C /* LoginView */,
				09A1458127A8678C0042A44C /* ListaTareasView */,
				09A1458627A867D00042A44C /* NuevaTareaView */,
				09A1458327A867A10042A44C /* HomeTabBarView */,
				09A1458227A867970042A44C /* ContactosView */,
			);
			path = Sources;
			sourceTree = "<group>";
		};
		09A1456A27A85FFD0042A44C /* Resources */ = {
			isa = PBXGroup;
			children = (
				09A1457927A865720042A44C /* contacts.json */,
			);
			path = Resources;
			sourceTree = "<group>";
		};
		09A1456B27A860250042A44C /* CoreApp */ = {
			isa = PBXGroup;
			children = (
				09A1455327A7F7250042A44C /* AppDelegate.swift */,
				09A1456D27A8613A0042A44C /* AppCoreCoordinator.swift */,
			);
			path = CoreApp;
			sourceTree = "<group>";
		};
		09A1457C27A865960042A44C /* Models */ = {
			isa = PBXGroup;
			children = (
				09A1457D27A865DF0042A44C /* TaskModel.swift */,
			);
			name = Models;
			sourceTree = "<group>";
		};
		09A1458127A8678C0042A44C /* ListaTareasView */ = {
			isa = PBXGroup;
			children = (
				09A1458527A867BE0042A44C /* DetalleTareaView */,
				09A145A327A869620042A44C /* ListaTareasViewController.swift */,
				09A145A427A869620042A44C /* ListaTareasViewController.xib */,
				09A145B627A86B010042A44C /* ListaTareasViewCoordinator.swift */,
			);
			path = ListaTareasView;
			sourceTree = "<group>";
		};
		09A1458227A867970042A44C /* ContactosView */ = {
			isa = PBXGroup;
			children = (
				09A1459427A868FA0042A44C /* ContactosViewController.swift */,
				09A1459527A868FA0042A44C /* ContactosViewController.xib */,
				09A145B327A86A980042A44C /* ContactosViewCoordinator.swift */,
			);
			path = ContactosView;
			sourceTree = "<group>";
		};
		09A1458327A867A10042A44C /* HomeTabBarView */ = {
			isa = PBXGroup;
			children = (
				09A1458F27A868D40042A44C /* HomeTabBarViewController.swift */,
				09A1459027A868D40042A44C /* HomeTabBarViewController.xib */,
				09A145B027A86A4E0042A44C /* HomeTabBarViewCoordinator.swift */,
			);
			path = HomeTabBarView;
			sourceTree = "<group>";
		};
		09A1458527A867BE0042A44C /* DetalleTareaView */ = {
			isa = PBXGroup;
			children = (
				09A145A827A869770042A44C /* DetalleTareaViewController.swift */,
				09A145A927A869770042A44C /* DetalleTareaViewController.xib */,
				09A145B927A86B330042A44C /* DetalleTareaViewCoordinator.swift */,
			);
			path = DetalleTareaView;
			sourceTree = "<group>";
		};
		09A1458627A867D00042A44C /* NuevaTareaView */ = {
			isa = PBXGroup;
			children = (
				09A1458727A867F20042A44C /* CategoriasView */,
				09A1459927A869140042A44C /* NuevaTareaViewController.swift */,
				09A1459A27A869140042A44C /* NuevaTareaViewController.xib */,
				09A145BC27A86B6B0042A44C /* NuevaTareaViewCoordinator.swift */,
			);
			path = NuevaTareaView;
			sourceTree = "<group>";
		};
		09A1458727A867F20042A44C /* CategoriasView */ = {
			isa = PBXGroup;
			children = (
				09A1459E27A869350042A44C /* CategoriasViewController.swift */,
				09A1459F27A869350042A44C /* CategoriasViewController.xib */,
			);
			path = CategoriasView;
			sourceTree = "<group>";
		};
		09A1458827A868620042A44C /* LoginView */ = {
			isa = PBXGroup;
			children = (
				09A1458A27A868A00042A44C /* LoginViewController.swift */,
				09A1458B27A868A00042A44C /* LoginViewController.xib */,
				09A145AD27A869D40042A44C /* LoginViewCoordinator.swift */,
			);
			path = LoginView;
			sourceTree = "<group>";
		};
/* End PBXGroup section */

/* Begin PBXNativeTarget section */
		09A1454F27A7F7250042A44C /* MyTaskVersion3.0 */ = {
			isa = PBXNativeTarget;
			buildConfigurationList = 09A1456427A7F72D0042A44C /* Build configuration list for PBXNativeTarget "MyTaskVersion3.0" */;
			buildPhases = (
				09A1454C27A7F7250042A44C /* Sources */,
				09A1454D27A7F7250042A44C /* Frameworks */,
				09A1454E27A7F7250042A44C /* Resources */,
			);
			buildRules = (
			);
			dependencies = (
			);
			name = MyTaskVersion3.0;
			productName = MyTaskVersion3.0;
			productReference = 09A1455027A7F7250042A44C /* MyTaskVersion3.0.app */;
			productType = "com.apple.product-type.application";
		};
/* End PBXNativeTarget section */

/* Begin PBXProject section */
		09A1454827A7F7250042A44C /* Project object */ = {
			isa = PBXProject;
			attributes = {
				LastSwiftUpdateCheck = 1230;
				LastUpgradeCheck = 1230;
				TargetAttributes = {
					09A1454F27A7F7250042A44C = {
						CreatedOnToolsVersion = 12.3;
					};
				};
			};
			buildConfigurationList = 09A1454B27A7F7250042A44C /* Build configuration list for PBXProject "MyTaskVersion3.0" */;
			compatibilityVersion = "Xcode 9.3";
			developmentRegion = en;
			hasScannedForEncodings = 0;
			knownRegions = (
				en,
				Base,
			);
			mainGroup = 09A1454727A7F7250042A44C;
			productRefGroup = 09A1455127A7F7250042A44C /* Products */;
			projectDirPath = "";
			projectRoot = "";
			targets = (
				09A1454F27A7F7250042A44C /* MyTaskVersion3.0 */,
			);
		};
/* End PBXProject section */

/* Begin PBXResourcesBuildPhase section */
		09A1454E27A7F7250042A44C /* Resources */ = {
			isa = PBXResourcesBuildPhase;
			buildActionMask = 2147483647;
			files = (
				09A1458D27A868A00042A44C /* LoginViewController.xib in Resources */,
				09A1459C27A869140042A44C /* NuevaTareaViewController.xib in Resources */,
				09A145AB27A869770042A44C /* DetalleTareaViewController.xib in Resources */,
				09A1459727A868FA0042A44C /* ContactosViewController.xib in Resources */,
				09A1456027A7F72D0042A44C /* LaunchScreen.storyboard in Resources */,
				09A145A627A869620042A44C /* ListaTareasViewController.xib in Resources */,
				09A1457A27A865720042A44C /* contacts.json in Resources */,
				09A1455D27A7F72D0042A44C /* Assets.xcassets in Resources */,
				09A145A127A869350042A44C /* CategoriasViewController.xib in Resources */,
				09A1459227A868D40042A44C /* HomeTabBarViewController.xib in Resources */,
			);
			runOnlyForDeploymentPostprocessing = 0;
		};
/* End PBXResourcesBuildPhase section */

/* Begin PBXSourcesBuildPhase section */
		09A1454C27A7F7250042A44C /* Sources */ = {
			isa = PBXSourcesBuildPhase;
			buildActionMask = 2147483647;
			files = (
				09A145A527A869620042A44C /* ListaTareasViewController.swift in Sources */,
				09A145AE27A869D40042A44C /* LoginViewCoordinator.swift in Sources */,
				09A1457227A861C80042A44C /* Utils.swift in Sources */,
				09A145B127A86A4E0042A44C /* HomeTabBarViewCoordinator.swift in Sources */,
				09A145B727A86B010042A44C /* ListaTareasViewCoordinator.swift in Sources */,
				09A145AA27A869770042A44C /* DetalleTareaViewController.swift in Sources */,
				09A1459627A868FA0042A44C /* ContactosViewController.swift in Sources */,
				09A145A027A869350042A44C /* CategoriasViewController.swift in Sources */,
				09A1456E27A8613A0042A44C /* AppCoreCoordinator.swift in Sources */,
				09A145BA27A86B330042A44C /* DetalleTareaViewCoordinator.swift in Sources */,
				09A1457E27A865DF0042A44C /* TaskModel.swift in Sources */,
				09A1459B27A869140042A44C /* NuevaTareaViewController.swift in Sources */,
				09A145B427A86A980042A44C /* ContactosViewCoordinator.swift in Sources */,
				09A145BD27A86B6B0042A44C /* NuevaTareaViewCoordinator.swift in Sources */,
				09A1459127A868D40042A44C /* HomeTabBarViewController.swift in Sources */,
				09A1458C27A868A00042A44C /* LoginViewController.swift in Sources */,
				09A1455427A7F7250042A44C /* AppDelegate.swift in Sources */,
			);
			runOnlyForDeploymentPostprocessing = 0;
		};
/* End PBXSourcesBuildPhase section */

/* Begin PBXVariantGroup section */
		09A1455E27A7F72D0042A44C /* LaunchScreen.storyboard */ = {
			isa = PBXVariantGroup;
			children = (
				09A1455F27A7F72D0042A44C /* Base */,
			);
			name = LaunchScreen.storyboard;
			sourceTree = "<group>";
		};
/* End PBXVariantGroup section */

/* Begin XCBuildConfiguration section */
		09A1456227A7F72D0042A44C /* Debug */ = {
			isa = XCBuildConfiguration;
			buildSettings = {
				ALWAYS_SEARCH_USER_PATHS = NO;
				CLANG_ANALYZER_NONNULL = YES;
				CLANG_ANALYZER_NUMBER_OBJECT_CONVERSION = YES_AGGRESSIVE;
				CLANG_CXX_LANGUAGE_STANDARD = "gnu++14";
				CLANG_CXX_LIBRARY = "libc++";
				CLANG_ENABLE_MODULES = YES;
				CLANG_ENABLE_OBJC_ARC = YES;
				CLANG_ENABLE_OBJC_WEAK = YES;
				CLANG_WARN_BLOCK_CAPTURE_AUTORELEASING = YES;
				CLANG_WARN_BOOL_CONVERSION = YES;
				CLANG_WARN_COMMA = YES;
				CLANG_WARN_CONSTANT_CONVERSION = YES;
				CLANG_WARN_DEPRECATED_OBJC_IMPLEMENTATIONS = YES;
				CLANG_WARN_DIRECT_OBJC_ISA_USAGE = YES_ERROR;
				CLANG_WARN_DOCUMENTATION_COMMENTS = YES;
				CLANG_WARN_EMPTY_BODY = YES;
				CLANG_WARN_ENUM_CONVERSION = YES;
				CLANG_WARN_INFINITE_RECURSION = YES;
				CLANG_WARN_INT_CONVERSION = YES;
				CLANG_WARN_NON_LITERAL_NULL_CONVERSION = YES;
				CLANG_WARN_OBJC_IMPLICIT_RETAIN_SELF = YES;
				CLANG_WARN_OBJC_LITERAL_CONVERSION = YES;
				CLANG_WARN_OBJC_ROOT_CLASS = YES_ERROR;
				CLANG_WARN_QUOTED_INCLUDE_IN_FRAMEWORK_HEADER = YES;
				CLANG_WARN_RANGE_LOOP_ANALYSIS = YES;
				CLANG_WARN_STRICT_PROTOTYPES = YES;
				CLANG_WARN_SUSPICIOUS_MOVE = YES;
				CLANG_WARN_UNGUARDED_AVAILABILITY = YES_AGGRESSIVE;
				CLANG_WARN_UNREACHABLE_CODE = YES;
				CLANG_WARN__DUPLICATE_METHOD_MATCH = YES;
				COPY_PHASE_STRIP = NO;
				DEBUG_INFORMATION_FORMAT = dwarf;
				ENABLE_STRICT_OBJC_MSGSEND = YES;
				ENABLE_TESTABILITY = YES;
				GCC_C_LANGUAGE_STANDARD = gnu11;
				GCC_DYNAMIC_NO_PIC = NO;
				GCC_NO_COMMON_BLOCKS = YES;
				GCC_OPTIMIZATION_LEVEL = 0;
				GCC_PREPROCESSOR_DEFINITIONS = (
					"DEBUG=1",
					"$(inherited)",
				);
				GCC_WARN_64_TO_32_BIT_CONVERSION = YES;
				GCC_WARN_ABOUT_RETURN_TYPE = YES_ERROR;
				GCC_WARN_UNDECLARED_SELECTOR = YES;
				GCC_WARN_UNINITIALIZED_AUTOS = YES_AGGRESSIVE;
				GCC_WARN_UNUSED_FUNCTION = YES;
				GCC_WARN_UNUSED_VARIABLE = YES;
				IPHONEOS_DEPLOYMENT_TARGET = 14.3;
				MTL_ENABLE_DEBUG_INFO = INCLUDE_SOURCE;
				MTL_FAST_MATH = YES;
				ONLY_ACTIVE_ARCH = YES;
				SDKROOT = iphoneos;
				SWIFT_ACTIVE_COMPILATION_CONDITIONS = DEBUG;
				SWIFT_OPTIMIZATION_LEVEL = "-Onone";
			};
			name = Debug;
		};
		09A1456327A7F72D0042A44C /* Release */ = {
			isa = XCBuildConfiguration;
			buildSettings = {
				ALWAYS_SEARCH_USER_PATHS = NO;
				CLANG_ANALYZER_NONNULL = YES;
				CLANG_ANALYZER_NUMBER_OBJECT_CONVERSION = YES_AGGRESSIVE;
				CLANG_CXX_LANGUAGE_STANDARD = "gnu++14";
				CLANG_CXX_LIBRARY = "libc++";
				CLANG_ENABLE_MODULES = YES;
				CLANG_ENABLE_OBJC_ARC = YES;
				CLANG_ENABLE_OBJC_WEAK = YES;
				CLANG_WARN_BLOCK_CAPTURE_AUTORELEASING = YES;
				CLANG_WARN_BOOL_CONVERSION = YES;
				CLANG_WARN_COMMA = YES;
				CLANG_WARN_CONSTANT_CONVERSION = YES;
				CLANG_WARN_DEPRECATED_OBJC_IMPLEMENTATIONS = YES;
				CLANG_WARN_DIRECT_OBJC_ISA_USAGE = YES_ERROR;
				CLANG_WARN_DOCUMENTATION_COMMENTS = YES;
				CLANG_WARN_EMPTY_BODY = YES;
				CLANG_WARN_ENUM_CONVERSION = YES;
				CLANG_WARN_INFINITE_RECURSION = YES;
				CLANG_WARN_INT_CONVERSION = YES;
				CLANG_WARN_NON_LITERAL_NULL_CONVERSION = YES;
				CLANG_WARN_OBJC_IMPLICIT_RETAIN_SELF = YES;
				CLANG_WARN_OBJC_LITERAL_CONVERSION = YES;
				CLANG_WARN_OBJC_ROOT_CLASS = YES_ERROR;
				CLANG_WARN_QUOTED_INCLUDE_IN_FRAMEWORK_HEADER = YES;
				CLANG_WARN_RANGE_LOOP_ANALYSIS = YES;
				CLANG_WARN_STRICT_PROTOTYPES = YES;
				CLANG_WARN_SUSPICIOUS_MOVE = YES;
				CLANG_WARN_UNGUARDED_AVAILABILITY = YES_AGGRESSIVE;
				CLANG_WARN_UNREACHABLE_CODE = YES;
				CLANG_WARN__DUPLICATE_METHOD_MATCH = YES;
				COPY_PHASE_STRIP = NO;
				DEBUG_INFORMATION_FORMAT = "dwarf-with-dsym";
				ENABLE_NS_ASSERTIONS = NO;
				ENABLE_STRICT_OBJC_MSGSEND = YES;
				GCC_C_LANGUAGE_STANDARD = gnu11;
				GCC_NO_COMMON_BLOCKS = YES;
				GCC_WARN_64_TO_32_BIT_CONVERSION = YES;
				GCC_WARN_ABOUT_RETURN_TYPE = YES_ERROR;
				GCC_WARN_UNDECLARED_SELECTOR = YES;
				GCC_WARN_UNINITIALIZED_AUTOS = YES_AGGRESSIVE;
				GCC_WARN_UNUSED_FUNCTION = YES;
				GCC_WARN_UNUSED_VARIABLE = YES;
				IPHONEOS_DEPLOYMENT_TARGET = 14.3;
				MTL_ENABLE_DEBUG_INFO = NO;
				MTL_FAST_MATH = YES;
				SDKROOT = iphoneos;
				SWIFT_COMPILATION_MODE = wholemodule;
				SWIFT_OPTIMIZATION_LEVEL = "-O";
				VALIDATE_PRODUCT = YES;
			};
			name = Release;
		};
		09A1456527A7F72D0042A44C /* Debug */ = {
			isa = XCBuildConfiguration;
			buildSettings = {
				ASSETCATALOG_COMPILER_APPICON_NAME = AppIcon;
				ASSETCATALOG_COMPILER_GLOBAL_ACCENT_COLOR_NAME = AccentColor;
				CODE_SIGN_STYLE = Automatic;
				INFOPLIST_FILE = MyTaskVersion3.0/Info.plist;
				LD_RUNPATH_SEARCH_PATHS = (
					"$(inherited)",
					"@executable_path/Frameworks",
				);
				PRODUCT_BUNDLE_IDENTIFIER = "com.cice.education.Teconolgia.IOS.MyTaskVersion3-0";
				PRODUCT_NAME = "$(TARGET_NAME)";
				SWIFT_VERSION = 5.0;
				TARGETED_DEVICE_FAMILY = 1;
			};
			name = Debug;
		};
		09A1456627A7F72D0042A44C /* Release */ = {
			isa = XCBuildConfiguration;
			buildSettings = {
				ASSETCATALOG_COMPILER_APPICON_NAME = AppIcon;
				ASSETCATALOG_COMPILER_GLOBAL_ACCENT_COLOR_NAME = AccentColor;
				CODE_SIGN_STYLE = Automatic;
				INFOPLIST_FILE = MyTaskVersion3.0/Info.plist;
				LD_RUNPATH_SEARCH_PATHS = (
					"$(inherited)",
					"@executable_path/Frameworks",
				);
				PRODUCT_BUNDLE_IDENTIFIER = "com.cice.education.Teconolgia.IOS.MyTaskVersion3-0";
				PRODUCT_NAME = "$(TARGET_NAME)";
				SWIFT_VERSION = 5.0;
				TARGETED_DEVICE_FAMILY = 1;
			};
			name = Release;
		};
/* End XCBuildConfiguration section */

/* Begin XCConfigurationList section */
		09A1454B27A7F7250042A44C /* Build configuration list for PBXProject "MyTaskVersion3.0" */ = {
			isa = XCConfigurationList;
			buildConfigurations = (
				09A1456227A7F72D0042A44C /* Debug */,
				09A1456327A7F72D0042A44C /* Release */,
			);
			defaultConfigurationIsVisible = 0;
			defaultConfigurationName = Release;
		};
		09A1456427A7F72D0042A44C /* Build configuration list for PBXNativeTarget "MyTaskVersion3.0" */ = {
			isa = XCConfigurationList;
			buildConfigurations = (
				09A1456527A7F72D0042A44C /* Debug */,
				09A1456627A7F72D0042A44C /* Release */,
			);
			defaultConfigurationIsVisible = 0;
			defaultConfigurationName = Release;
		};
/* End XCConfigurationList section */
	};
	rootObject = 09A1454827A7F7250042A44C /* Project object */;
}
