// !$*UTF8*$!
{
	archiveVersion = 1;
	classes = {
	};
	objectVersion = 50;
	objects = {

/* Begin PBXBuildFile section */
		0946C28D27C80183000536B9 /* MoviesTVModelView.swift in Sources */ = {isa = PBXBuildFile; fileRef = 0946C28C27C80183000536B9 /* MoviesTVModelView.swift */; };
		0946C29227C80E7E000536B9 /* HomeView.swift in Sources */ = {isa = PBXBuildFile; fileRef = 0946C29127C80E7E000536B9 /* HomeView.swift */; };
		0946C29627C80E8A000536B9 /* HomeViewModel.swift in Sources */ = {isa = PBXBuildFile; fileRef = 0946C29527C80E8A000536B9 /* HomeViewModel.swift */; };
		0946C29F27C821DF000536B9 /* ShowsViewModel.swift in Sources */ = {isa = PBXBuildFile; fileRef = 0946C29A27C821DF000536B9 /* ShowsViewModel.swift */; };
		0946C2A027C821DF000536B9 /* ShowsProvider.swift in Sources */ = {isa = PBXBuildFile; fileRef = 0946C29B27C821DF000536B9 /* ShowsProvider.swift */; };
		0946C2A127C821DF000536B9 /* ShowsView.swift in Sources */ = {isa = PBXBuildFile; fileRef = 0946C29C27C821DF000536B9 /* ShowsView.swift */; };
		0946C2A227C821DF000536B9 /* ShowsCoordinator.swift in Sources */ = {isa = PBXBuildFile; fileRef = 0946C29D27C821DF000536B9 /* ShowsCoordinator.swift */; };
		0946C2A327C821DF000536B9 /* ShowsInteractor.swift in Sources */ = {isa = PBXBuildFile; fileRef = 0946C29E27C821DF000536B9 /* ShowsInteractor.swift */; };
		095E082627C6BE0E005771BC /* MoviesServerModel.swift in Sources */ = {isa = PBXBuildFile; fileRef = 095E082527C6BE0E005771BC /* MoviesServerModel.swift */; };
		095E082C27C6CC63005771BC /* MoviesPostCarrousel.swift in Sources */ = {isa = PBXBuildFile; fileRef = 095E082B27C6CC63005771BC /* MoviesPostCarrousel.swift */; };
		095E082F27C6CF35005771BC /* ImageLoader.swift in Sources */ = {isa = PBXBuildFile; fileRef = 095E082E27C6CF35005771BC /* ImageLoader.swift */; };
		09709FB127C6AF4F009BA6EE /* MoviesViewModel.swift in Sources */ = {isa = PBXBuildFile; fileRef = 09709FB027C6AF4F009BA6EE /* MoviesViewModel.swift */; };
		09709FB427C6AF7B009BA6EE /* MoviesView.swift in Sources */ = {isa = PBXBuildFile; fileRef = 09709FB327C6AF7B009BA6EE /* MoviesView.swift */; };
		09709FB727C6AF8F009BA6EE /* MoviesInteractor.swift in Sources */ = {isa = PBXBuildFile; fileRef = 09709FB627C6AF8F009BA6EE /* MoviesInteractor.swift */; };
		09709FBB27C6B1A3009BA6EE /* MoviesProvider.swift in Sources */ = {isa = PBXBuildFile; fileRef = 09709FBA27C6B1A3009BA6EE /* MoviesProvider.swift */; };
		09709FBF27C6B4AC009BA6EE /* MoviesCoordinator.swift in Sources */ = {isa = PBXBuildFile; fileRef = 09709FBE27C6B4AB009BA6EE /* MoviesCoordinator.swift */; };
		09709FC427C6B784009BA6EE /* NetworkService.swift in Sources */ = {isa = PBXBuildFile; fileRef = 09709FC327C6B784009BA6EE /* NetworkService.swift */; };
		09709FC727C6B88D009BA6EE /* NetworkError.swift in Sources */ = {isa = PBXBuildFile; fileRef = 09709FC627C6B88D009BA6EE /* NetworkError.swift */; };
		09D4293627C56F9A0063613C /* CiceTmdbAppApp.swift in Sources */ = {isa = PBXBuildFile; fileRef = 09D4293527C56F9A0063613C /* CiceTmdbAppApp.swift */; };
		09D4293827C56F9A0063613C /* ContentView.swift in Sources */ = {isa = PBXBuildFile; fileRef = 09D4293727C56F9A0063613C /* ContentView.swift */; };
		09D4293A27C56F9E0063613C /* Assets.xcassets in Resources */ = {isa = PBXBuildFile; fileRef = 09D4293927C56F9E0063613C /* Assets.xcassets */; };
		09D4293D27C56F9E0063613C /* Preview Assets.xcassets in Resources */ = {isa = PBXBuildFile; fileRef = 09D4293C27C56F9E0063613C /* Preview Assets.xcassets */; };
		09D4294727C570130063613C /* BaseVIP.swift in Sources */ = {isa = PBXBuildFile; fileRef = 09D4294627C570130063613C /* BaseVIP.swift */; };
		09D4294C27C578200063613C /* Utils.swift in Sources */ = {isa = PBXBuildFile; fileRef = 09D4294B27C578200063613C /* Utils.swift */; };
		09D4295127C57C2F0063613C /* data.json in Resources */ = {isa = PBXBuildFile; fileRef = 09D4295027C57C2F0063613C /* data.json */; };
		09D4295427C57DB00063613C /* Obfuscator.swift in Sources */ = {isa = PBXBuildFile; fileRef = 09D4295327C57DB00063613C /* Obfuscator.swift */; };
		09D4295A27C57E5D0063613C /* Constants.swift in Sources */ = {isa = PBXBuildFile; fileRef = 09D4295927C57E5D0063613C /* Constants.swift */; };
/* End PBXBuildFile section */

/* Begin PBXFileReference section */
		0946C28C27C80183000536B9 /* MoviesTVModelView.swift */ = {isa = PBXFileReference; lastKnownFileType = sourcecode.swift; path = MoviesTVModelView.swift; sourceTree = "<group>"; };
		0946C29127C80E7E000536B9 /* HomeView.swift */ = {isa = PBXFileReference; lastKnownFileType = sourcecode.swift; path = HomeView.swift; sourceTree = "<group>"; };
		0946C29527C80E8A000536B9 /* HomeViewModel.swift */ = {isa = PBXFileReference; lastKnownFileType = sourcecode.swift; path = HomeViewModel.swift; sourceTree = "<group>"; };
		0946C29A27C821DF000536B9 /* ShowsViewModel.swift */ = {isa = PBXFileReference; lastKnownFileType = sourcecode.swift; path = ShowsViewModel.swift; sourceTree = "<group>"; };
		0946C29B27C821DF000536B9 /* ShowsProvider.swift */ = {isa = PBXFileReference; lastKnownFileType = sourcecode.swift; path = ShowsProvider.swift; sourceTree = "<group>"; };
		0946C29C27C821DF000536B9 /* ShowsView.swift */ = {isa = PBXFileReference; lastKnownFileType = sourcecode.swift; path = ShowsView.swift; sourceTree = "<group>"; };
		0946C29D27C821DF000536B9 /* ShowsCoordinator.swift */ = {isa = PBXFileReference; lastKnownFileType = sourcecode.swift; path = ShowsCoordinator.swift; sourceTree = "<group>"; };
		0946C29E27C821DF000536B9 /* ShowsInteractor.swift */ = {isa = PBXFileReference; lastKnownFileType = sourcecode.swift; path = ShowsInteractor.swift; sourceTree = "<group>"; };
		095E082527C6BE0E005771BC /* MoviesServerModel.swift */ = {isa = PBXFileReference; lastKnownFileType = sourcecode.swift; path = MoviesServerModel.swift; sourceTree = "<group>"; };
		095E082B27C6CC63005771BC /* MoviesPostCarrousel.swift */ = {isa = PBXFileReference; lastKnownFileType = sourcecode.swift; path = MoviesPostCarrousel.swift; sourceTree = "<group>"; };
		095E082E27C6CF35005771BC /* ImageLoader.swift */ = {isa = PBXFileReference; fileEncoding = 4; lastKnownFileType = sourcecode.swift; name = ImageLoader.swift; path = ../../../Resources/ImageLoader.swift; sourceTree = "<group>"; };
		09709FB027C6AF4F009BA6EE /* MoviesViewModel.swift */ = {isa = PBXFileReference; lastKnownFileType = sourcecode.swift; path = MoviesViewModel.swift; sourceTree = "<group>"; };
		09709FB327C6AF7B009BA6EE /* MoviesView.swift */ = {isa = PBXFileReference; lastKnownFileType = sourcecode.swift; path = MoviesView.swift; sourceTree = "<group>"; };
		09709FB627C6AF8F009BA6EE /* MoviesInteractor.swift */ = {isa = PBXFileReference; lastKnownFileType = sourcecode.swift; path = MoviesInteractor.swift; sourceTree = "<group>"; };
		09709FBA27C6B1A3009BA6EE /* MoviesProvider.swift */ = {isa = PBXFileReference; lastKnownFileType = sourcecode.swift; path = MoviesProvider.swift; sourceTree = "<group>"; };
		09709FBE27C6B4AB009BA6EE /* MoviesCoordinator.swift */ = {isa = PBXFileReference; lastKnownFileType = sourcecode.swift; path = MoviesCoordinator.swift; sourceTree = "<group>"; };
		09709FC327C6B784009BA6EE /* NetworkService.swift */ = {isa = PBXFileReference; lastKnownFileType = sourcecode.swift; path = NetworkService.swift; sourceTree = "<group>"; };
		09709FC627C6B88D009BA6EE /* NetworkError.swift */ = {isa = PBXFileReference; fileEncoding = 4; lastKnownFileType = sourcecode.swift; name = NetworkError.swift; path = ../../../MyCiceMusic/MyCiceMusic/NetworkService/NetworkError.swift; sourceTree = "<group>"; };
		09D4293227C56F9A0063613C /* CiceTmdbApp.app */ = {isa = PBXFileReference; explicitFileType = wrapper.application; includeInIndex = 0; path = CiceTmdbApp.app; sourceTree = BUILT_PRODUCTS_DIR; };
		09D4293527C56F9A0063613C /* CiceTmdbAppApp.swift */ = {isa = PBXFileReference; lastKnownFileType = sourcecode.swift; path = CiceTmdbAppApp.swift; sourceTree = "<group>"; };
		09D4293727C56F9A0063613C /* ContentView.swift */ = {isa = PBXFileReference; lastKnownFileType = sourcecode.swift; path = ContentView.swift; sourceTree = "<group>"; };
		09D4293927C56F9E0063613C /* Assets.xcassets */ = {isa = PBXFileReference; lastKnownFileType = folder.assetcatalog; path = Assets.xcassets; sourceTree = "<group>"; };
		09D4293C27C56F9E0063613C /* Preview Assets.xcassets */ = {isa = PBXFileReference; lastKnownFileType = folder.assetcatalog; path = "Preview Assets.xcassets"; sourceTree = "<group>"; };
		09D4293E27C56F9E0063613C /* Info.plist */ = {isa = PBXFileReference; lastKnownFileType = text.plist.xml; path = Info.plist; sourceTree = "<group>"; };
		09D4294627C570130063613C /* BaseVIP.swift */ = {isa = PBXFileReference; lastKnownFileType = sourcecode.swift; path = BaseVIP.swift; sourceTree = "<group>"; };
		09D4294B27C578200063613C /* Utils.swift */ = {isa = PBXFileReference; lastKnownFileType = sourcecode.swift; path = Utils.swift; sourceTree = "<group>"; };
		09D4295027C57C2F0063613C /* data.json */ = {isa = PBXFileReference; fileEncoding = 4; lastKnownFileType = text.json; name = data.json; path = ../../../Resources/data.json; sourceTree = "<group>"; };
		09D4295327C57DB00063613C /* Obfuscator.swift */ = {isa = PBXFileReference; fileEncoding = 4; lastKnownFileType = sourcecode.swift; name = Obfuscator.swift; path = ../../../Resources/Obfuscator.swift; sourceTree = "<group>"; };
		09D4295927C57E5D0063613C /* Constants.swift */ = {isa = PBXFileReference; lastKnownFileType = sourcecode.swift; path = Constants.swift; sourceTree = "<group>"; };
/* End PBXFileReference section */

/* Begin PBXFrameworksBuildPhase section */
		09D4292F27C56F9A0063613C /* Frameworks */ = {
			isa = PBXFrameworksBuildPhase;
			buildActionMask = 2147483647;
			files = (
			);
			runOnlyForDeploymentPostprocessing = 0;
		};
/* End PBXFrameworksBuildPhase section */

/* Begin PBXGroup section */
		0946C28B27C80158000536B9 /* ModelView */ = {
			isa = PBXGroup;
			children = (
				0946C28C27C80183000536B9 /* MoviesTVModelView.swift */,
			);
			path = ModelView;
			sourceTree = "<group>";
		};
		0946C29027C80E63000536B9 /* HomeView */ = {
			isa = PBXGroup;
			children = (
				0946C29127C80E7E000536B9 /* HomeView.swift */,
				0946C29527C80E8A000536B9 /* HomeViewModel.swift */,
			);
			path = HomeView;
			sourceTree = "<group>";
		};
		0946C29927C821C2000536B9 /* ShowsView */ = {
			isa = PBXGroup;
			children = (
				0946C29A27C821DF000536B9 /* ShowsViewModel.swift */,
				0946C29B27C821DF000536B9 /* ShowsProvider.swift */,
				0946C29C27C821DF000536B9 /* ShowsView.swift */,
				0946C29D27C821DF000536B9 /* ShowsCoordinator.swift */,
				0946C29E27C821DF000536B9 /* ShowsInteractor.swift */,
			);
			path = ShowsView;
			sourceTree = "<group>";
		};
		095E082427C6BDFB005771BC /* ServerModel */ = {
			isa = PBXGroup;
			children = (
				095E082527C6BE0E005771BC /* MoviesServerModel.swift */,
			);
			path = ServerModel;
			sourceTree = "<group>";
		};
		095E082A27C6CC4D005771BC /* Components */ = {
			isa = PBXGroup;
			children = (
				095E082B27C6CC63005771BC /* MoviesPostCarrousel.swift */,
			);
			path = Components;
			sourceTree = "<group>";
		};
		09709FC227C6B76C009BA6EE /* WebService */ = {
			isa = PBXGroup;
			children = (
				09709FC327C6B784009BA6EE /* NetworkService.swift */,
				09709FC627C6B88D009BA6EE /* NetworkError.swift */,
			);
			path = WebService;
			sourceTree = "<group>";
		};
		09709FC927C6BCC9009BA6EE /* Sources */ = {
			isa = PBXGroup;
			children = (
				0946C29927C821C2000536B9 /* ShowsView */,
				0946C29027C80E63000536B9 /* HomeView */,
				09D4298227C6AE970063613C /* MoviesView */,
			);
			path = Sources;
			sourceTree = "<group>";
		};
		09D4292927C56F9A0063613C = {
			isa = PBXGroup;
			children = (
				09D4293427C56F9A0063613C /* CiceTmdbApp */,
				09D4293327C56F9A0063613C /* Products */,
			);
			sourceTree = "<group>";
		};
		09D4293327C56F9A0063613C /* Products */ = {
			isa = PBXGroup;
			children = (
				09D4293227C56F9A0063613C /* CiceTmdbApp.app */,
			);
			name = Products;
			sourceTree = "<group>";
		};
		09D4293427C56F9A0063613C /* CiceTmdbApp */ = {
			isa = PBXGroup;
			children = (
				09D4294527C56FFD0063613C /* BaseVIP */,
				095E082A27C6CC4D005771BC /* Components */,
				09D4298127C6AE6C0063613C /* CoreApp */,
				0946C28B27C80158000536B9 /* ModelView */,
				09D4294F27C57ADD0063613C /* Resources */,
				095E082427C6BDFB005771BC /* ServerModel */,
				09709FC927C6BCC9009BA6EE /* Sources */,
				09D4294A27C5780F0063613C /* Utils+Helpers */,
				09709FC227C6B76C009BA6EE /* WebService */,
				09D4293927C56F9E0063613C /* Assets.xcassets */,
				09D4293E27C56F9E0063613C /* Info.plist */,
				09D4293B27C56F9E0063613C /* Preview Content */,
			);
			path = CiceTmdbApp;
			sourceTree = "<group>";
		};
		09D4293B27C56F9E0063613C /* Preview Content */ = {
			isa = PBXGroup;
			children = (
				09D4293C27C56F9E0063613C /* Preview Assets.xcassets */,
			);
			path = "Preview Content";
			sourceTree = "<group>";
		};
		09D4294527C56FFD0063613C /* BaseVIP */ = {
			isa = PBXGroup;
			children = (
				09D4294627C570130063613C /* BaseVIP.swift */,
			);
			path = BaseVIP;
			sourceTree = "<group>";
		};
		09D4294A27C5780F0063613C /* Utils+Helpers */ = {
			isa = PBXGroup;
			children = (
				095E082E27C6CF35005771BC /* ImageLoader.swift */,
				09D4295927C57E5D0063613C /* Constants.swift */,
				09D4295327C57DB00063613C /* Obfuscator.swift */,
				09D4294B27C578200063613C /* Utils.swift */,
			);
			path = "Utils+Helpers";
			sourceTree = "<group>";
		};
		09D4294F27C57ADD0063613C /* Resources */ = {
			isa = PBXGroup;
			children = (
				09D4295027C57C2F0063613C /* data.json */,
			);
			path = Resources;
			sourceTree = "<group>";
		};
		09D4298127C6AE6C0063613C /* CoreApp */ = {
			isa = PBXGroup;
			children = (
				09D4293527C56F9A0063613C /* CiceTmdbAppApp.swift */,
				09D4293727C56F9A0063613C /* ContentView.swift */,
			);
			path = CoreApp;
			sourceTree = "<group>";
		};
		09D4298227C6AE970063613C /* MoviesView */ = {
			isa = PBXGroup;
			children = (
				09709FBE27C6B4AB009BA6EE /* MoviesCoordinator.swift */,
				09709FB627C6AF8F009BA6EE /* MoviesInteractor.swift */,
				09709FBA27C6B1A3009BA6EE /* MoviesProvider.swift */,
				09709FB327C6AF7B009BA6EE /* MoviesView.swift */,
				09709FB027C6AF4F009BA6EE /* MoviesViewModel.swift */,
			);
			path = MoviesView;
			sourceTree = "<group>";
		};
/* End PBXGroup section */

/* Begin PBXNativeTarget section */
		09D4293127C56F9A0063613C /* CiceTmdbApp */ = {
			isa = PBXNativeTarget;
			buildConfigurationList = 09D4294127C56F9E0063613C /* Build configuration list for PBXNativeTarget "CiceTmdbApp" */;
			buildPhases = (
				09D4292E27C56F9A0063613C /* Sources */,
				09D4292F27C56F9A0063613C /* Frameworks */,
				09D4293027C56F9A0063613C /* Resources */,
			);
			buildRules = (
			);
			dependencies = (
			);
			name = CiceTmdbApp;
			productName = CiceTmdbApp;
			productReference = 09D4293227C56F9A0063613C /* CiceTmdbApp.app */;
			productType = "com.apple.product-type.application";
		};
/* End PBXNativeTarget section */

/* Begin PBXProject section */
		09D4292A27C56F9A0063613C /* Project object */ = {
			isa = PBXProject;
			attributes = {
				LastSwiftUpdateCheck = 1230;
				LastUpgradeCheck = 1230;
				TargetAttributes = {
					09D4293127C56F9A0063613C = {
						CreatedOnToolsVersion = 12.3;
					};
				};
			};
			buildConfigurationList = 09D4292D27C56F9A0063613C /* Build configuration list for PBXProject "CiceTmdbApp" */;
			compatibilityVersion = "Xcode 9.3";
			developmentRegion = en;
			hasScannedForEncodings = 0;
			knownRegions = (
				en,
				Base,
			);
			mainGroup = 09D4292927C56F9A0063613C;
			productRefGroup = 09D4293327C56F9A0063613C /* Products */;
			projectDirPath = "";
			projectRoot = "";
			targets = (
				09D4293127C56F9A0063613C /* CiceTmdbApp */,
			);
		};
/* End PBXProject section */

/* Begin PBXResourcesBuildPhase section */
		09D4293027C56F9A0063613C /* Resources */ = {
			isa = PBXResourcesBuildPhase;
			buildActionMask = 2147483647;
			files = (
				09D4293D27C56F9E0063613C /* Preview Assets.xcassets in Resources */,
				09D4295127C57C2F0063613C /* data.json in Resources */,
				09D4293A27C56F9E0063613C /* Assets.xcassets in Resources */,
			);
			runOnlyForDeploymentPostprocessing = 0;
		};
/* End PBXResourcesBuildPhase section */

/* Begin PBXSourcesBuildPhase section */
		09D4292E27C56F9A0063613C /* Sources */ = {
			isa = PBXSourcesBuildPhase;
			buildActionMask = 2147483647;
			files = (
				0946C29627C80E8A000536B9 /* HomeViewModel.swift in Sources */,
				09D4293827C56F9A0063613C /* ContentView.swift in Sources */,
				09709FBB27C6B1A3009BA6EE /* MoviesProvider.swift in Sources */,
				0946C29F27C821DF000536B9 /* ShowsViewModel.swift in Sources */,
				09709FB727C6AF8F009BA6EE /* MoviesInteractor.swift in Sources */,
				0946C2A127C821DF000536B9 /* ShowsView.swift in Sources */,
				09709FB427C6AF7B009BA6EE /* MoviesView.swift in Sources */,
				09709FBF27C6B4AC009BA6EE /* MoviesCoordinator.swift in Sources */,
				0946C28D27C80183000536B9 /* MoviesTVModelView.swift in Sources */,
				09D4293627C56F9A0063613C /* CiceTmdbAppApp.swift in Sources */,
				095E082F27C6CF35005771BC /* ImageLoader.swift in Sources */,
				09D4294727C570130063613C /* BaseVIP.swift in Sources */,
				0946C29227C80E7E000536B9 /* HomeView.swift in Sources */,
				0946C2A027C821DF000536B9 /* ShowsProvider.swift in Sources */,
				095E082627C6BE0E005771BC /* MoviesServerModel.swift in Sources */,
				09D4294C27C578200063613C /* Utils.swift in Sources */,
				09709FB127C6AF4F009BA6EE /* MoviesViewModel.swift in Sources */,
				095E082C27C6CC63005771BC /* MoviesPostCarrousel.swift in Sources */,
				09D4295427C57DB00063613C /* Obfuscator.swift in Sources */,
				09709FC727C6B88D009BA6EE /* NetworkError.swift in Sources */,
				09709FC427C6B784009BA6EE /* NetworkService.swift in Sources */,
				09D4295A27C57E5D0063613C /* Constants.swift in Sources */,
				0946C2A227C821DF000536B9 /* ShowsCoordinator.swift in Sources */,
				0946C2A327C821DF000536B9 /* ShowsInteractor.swift in Sources */,
			);
			runOnlyForDeploymentPostprocessing = 0;
		};
/* End PBXSourcesBuildPhase section */

/* Begin XCBuildConfiguration section */
		09D4293F27C56F9E0063613C /* Debug */ = {
			isa = XCBuildConfiguration;
			buildSettings = {
				ALWAYS_SEARCH_USER_PATHS = NO;
				CLANG_ANALYZER_NONNULL = YES;
				CLANG_ANALYZER_NUMBER_OBJECT_CONVERSION = YES_AGGRESSIVE;
				CLANG_CXX_LANGUAGE_STANDARD = "gnu++14";
				CLANG_CXX_LIBRARY = "libc++";
				CLANG_ENABLE_MODULES = YES;
				CLANG_ENABLE_OBJC_ARC = YES;
				CLANG_ENABLE_OBJC_WEAK = YES;
				CLANG_WARN_BLOCK_CAPTURE_AUTORELEASING = YES;
				CLANG_WARN_BOOL_CONVERSION = YES;
				CLANG_WARN_COMMA = YES;
				CLANG_WARN_CONSTANT_CONVERSION = YES;
				CLANG_WARN_DEPRECATED_OBJC_IMPLEMENTATIONS = YES;
				CLANG_WARN_DIRECT_OBJC_ISA_USAGE = YES_ERROR;
				CLANG_WARN_DOCUMENTATION_COMMENTS = YES;
				CLANG_WARN_EMPTY_BODY = YES;
				CLANG_WARN_ENUM_CONVERSION = YES;
				CLANG_WARN_INFINITE_RECURSION = YES;
				CLANG_WARN_INT_CONVERSION = YES;
				CLANG_WARN_NON_LITERAL_NULL_CONVERSION = YES;
				CLANG_WARN_OBJC_IMPLICIT_RETAIN_SELF = YES;
				CLANG_WARN_OBJC_LITERAL_CONVERSION = YES;
				CLANG_WARN_OBJC_ROOT_CLASS = YES_ERROR;
				CLANG_WARN_QUOTED_INCLUDE_IN_FRAMEWORK_HEADER = YES;
				CLANG_WARN_RANGE_LOOP_ANALYSIS = YES;
				CLANG_WARN_STRICT_PROTOTYPES = YES;
				CLANG_WARN_SUSPICIOUS_MOVE = YES;
				CLANG_WARN_UNGUARDED_AVAILABILITY = YES_AGGRESSIVE;
				CLANG_WARN_UNREACHABLE_CODE = YES;
				CLANG_WARN__DUPLICATE_METHOD_MATCH = YES;
				COPY_PHASE_STRIP = NO;
				DEBUG_INFORMATION_FORMAT = dwarf;
				ENABLE_STRICT_OBJC_MSGSEND = YES;
				ENABLE_TESTABILITY = YES;
				GCC_C_LANGUAGE_STANDARD = gnu11;
				GCC_DYNAMIC_NO_PIC = NO;
				GCC_NO_COMMON_BLOCKS = YES;
				GCC_OPTIMIZATION_LEVEL = 0;
				GCC_PREPROCESSOR_DEFINITIONS = (
					"DEBUG=1",
					"$(inherited)",
				);
				GCC_WARN_64_TO_32_BIT_CONVERSION = YES;
				GCC_WARN_ABOUT_RETURN_TYPE = YES_ERROR;
				GCC_WARN_UNDECLARED_SELECTOR = YES;
				GCC_WARN_UNINITIALIZED_AUTOS = YES_AGGRESSIVE;
				GCC_WARN_UNUSED_FUNCTION = YES;
				GCC_WARN_UNUSED_VARIABLE = YES;
				IPHONEOS_DEPLOYMENT_TARGET = 14.3;
				MTL_ENABLE_DEBUG_INFO = INCLUDE_SOURCE;
				MTL_FAST_MATH = YES;
				ONLY_ACTIVE_ARCH = YES;
				SDKROOT = iphoneos;
				SWIFT_ACTIVE_COMPILATION_CONDITIONS = DEBUG;
				SWIFT_OPTIMIZATION_LEVEL = "-Onone";
			};
			name = Debug;
		};
		09D4294027C56F9E0063613C /* Release */ = {
			isa = XCBuildConfiguration;
			buildSettings = {
				ALWAYS_SEARCH_USER_PATHS = NO;
				CLANG_ANALYZER_NONNULL = YES;
				CLANG_ANALYZER_NUMBER_OBJECT_CONVERSION = YES_AGGRESSIVE;
				CLANG_CXX_LANGUAGE_STANDARD = "gnu++14";
				CLANG_CXX_LIBRARY = "libc++";
				CLANG_ENABLE_MODULES = YES;
				CLANG_ENABLE_OBJC_ARC = YES;
				CLANG_ENABLE_OBJC_WEAK = YES;
				CLANG_WARN_BLOCK_CAPTURE_AUTORELEASING = YES;
				CLANG_WARN_BOOL_CONVERSION = YES;
				CLANG_WARN_COMMA = YES;
				CLANG_WARN_CONSTANT_CONVERSION = YES;
				CLANG_WARN_DEPRECATED_OBJC_IMPLEMENTATIONS = YES;
				CLANG_WARN_DIRECT_OBJC_ISA_USAGE = YES_ERROR;
				CLANG_WARN_DOCUMENTATION_COMMENTS = YES;
				CLANG_WARN_EMPTY_BODY = YES;
				CLANG_WARN_ENUM_CONVERSION = YES;
				CLANG_WARN_INFINITE_RECURSION = YES;
				CLANG_WARN_INT_CONVERSION = YES;
				CLANG_WARN_NON_LITERAL_NULL_CONVERSION = YES;
				CLANG_WARN_OBJC_IMPLICIT_RETAIN_SELF = YES;
				CLANG_WARN_OBJC_LITERAL_CONVERSION = YES;
				CLANG_WARN_OBJC_ROOT_CLASS = YES_ERROR;
				CLANG_WARN_QUOTED_INCLUDE_IN_FRAMEWORK_HEADER = YES;
				CLANG_WARN_RANGE_LOOP_ANALYSIS = YES;
				CLANG_WARN_STRICT_PROTOTYPES = YES;
				CLANG_WARN_SUSPICIOUS_MOVE = YES;
				CLANG_WARN_UNGUARDED_AVAILABILITY = YES_AGGRESSIVE;
				CLANG_WARN_UNREACHABLE_CODE = YES;
				CLANG_WARN__DUPLICATE_METHOD_MATCH = YES;
				COPY_PHASE_STRIP = NO;
				DEBUG_INFORMATION_FORMAT = "dwarf-with-dsym";
				ENABLE_NS_ASSERTIONS = NO;
				ENABLE_STRICT_OBJC_MSGSEND = YES;
				GCC_C_LANGUAGE_STANDARD = gnu11;
				GCC_NO_COMMON_BLOCKS = YES;
				GCC_WARN_64_TO_32_BIT_CONVERSION = YES;
				GCC_WARN_ABOUT_RETURN_TYPE = YES_ERROR;
				GCC_WARN_UNDECLARED_SELECTOR = YES;
				GCC_WARN_UNINITIALIZED_AUTOS = YES_AGGRESSIVE;
				GCC_WARN_UNUSED_FUNCTION = YES;
				GCC_WARN_UNUSED_VARIABLE = YES;
				IPHONEOS_DEPLOYMENT_TARGET = 14.3;
				MTL_ENABLE_DEBUG_INFO = NO;
				MTL_FAST_MATH = YES;
				SDKROOT = iphoneos;
				SWIFT_COMPILATION_MODE = wholemodule;
				SWIFT_OPTIMIZATION_LEVEL = "-O";
				VALIDATE_PRODUCT = YES;
			};
			name = Release;
		};
		09D4294227C56F9E0063613C /* Debug */ = {
			isa = XCBuildConfiguration;
			buildSettings = {
				ASSETCATALOG_COMPILER_APPICON_NAME = AppIcon;
				ASSETCATALOG_COMPILER_GLOBAL_ACCENT_COLOR_NAME = AccentColor;
				CODE_SIGN_STYLE = Automatic;
				DEVELOPMENT_ASSET_PATHS = "\"CiceTmdbApp/Preview Content\"";
				ENABLE_PREVIEWS = YES;
				INFOPLIST_FILE = CiceTmdbApp/Info.plist;
				IPHONEOS_DEPLOYMENT_TARGET = 14.0;
				LD_RUNPATH_SEARCH_PATHS = (
					"$(inherited)",
					"@executable_path/Frameworks",
				);
				PRODUCT_BUNDLE_IDENTIFIER = com.cice.education.Teconolgia.IOS.CiceTmdbApp;
				PRODUCT_NAME = "$(TARGET_NAME)";
				SWIFT_VERSION = 5.0;
				TARGETED_DEVICE_FAMILY = "1,2";
			};
			name = Debug;
		};
		09D4294327C56F9E0063613C /* Release */ = {
			isa = XCBuildConfiguration;
			buildSettings = {
				ASSETCATALOG_COMPILER_APPICON_NAME = AppIcon;
				ASSETCATALOG_COMPILER_GLOBAL_ACCENT_COLOR_NAME = AccentColor;
				CODE_SIGN_STYLE = Automatic;
				DEVELOPMENT_ASSET_PATHS = "\"CiceTmdbApp/Preview Content\"";
				ENABLE_PREVIEWS = YES;
				INFOPLIST_FILE = CiceTmdbApp/Info.plist;
				IPHONEOS_DEPLOYMENT_TARGET = 14.0;
				LD_RUNPATH_SEARCH_PATHS = (
					"$(inherited)",
					"@executable_path/Frameworks",
				);
				PRODUCT_BUNDLE_IDENTIFIER = com.cice.education.Teconolgia.IOS.CiceTmdbApp;
				PRODUCT_NAME = "$(TARGET_NAME)";
				SWIFT_VERSION = 5.0;
				TARGETED_DEVICE_FAMILY = "1,2";
			};
			name = Release;
		};
/* End XCBuildConfiguration section */

/* Begin XCConfigurationList section */
		09D4292D27C56F9A0063613C /* Build configuration list for PBXProject "CiceTmdbApp" */ = {
			isa = XCConfigurationList;
			buildConfigurations = (
				09D4293F27C56F9E0063613C /* Debug */,
				09D4294027C56F9E0063613C /* Release */,
			);
			defaultConfigurationIsVisible = 0;
			defaultConfigurationName = Release;
		};
		09D4294127C56F9E0063613C /* Build configuration list for PBXNativeTarget "CiceTmdbApp" */ = {
			isa = XCConfigurationList;
			buildConfigurations = (
				09D4294227C56F9E0063613C /* Debug */,
				09D4294327C56F9E0063613C /* Release */,
			);
			defaultConfigurationIsVisible = 0;
			defaultConfigurationName = Release;
		};
/* End XCConfigurationList section */
	};
	rootObject = 09D4292A27C56F9A0063613C /* Project object */;
}
